// !$*UTF8*$!
{
	archiveVersion = 1;
	classes = {
	};
	objectVersion = 55;
	objects = {

/* Begin PBXBuildFile section */
		CB073BD927CBE1750016F04F /* GameRowViewModel.swift in Sources */ = {isa = PBXBuildFile; fileRef = CB073BD827CBE1750016F04F /* GameRowViewModel.swift */; };
		CB18720627E1820000BC81C4 /* TextFieldLimitModifier.swift in Sources */ = {isa = PBXBuildFile; fileRef = CB18720527E1820000BC81C4 /* TextFieldLimitModifier.swift */; };
		CB18720927E199E600BC81C4 /* Score.swift in Sources */ = {isa = PBXBuildFile; fileRef = CB18720827E199E600BC81C4 /* Score.swift */; };
		CB4A51CE27DAE6BE00AB5F0D /* String+Subscript.swift in Sources */ = {isa = PBXBuildFile; fileRef = CB4A51CD27DAE6BE00AB5F0D /* String+Subscript.swift */; };
		CB58F48F27D589F100914CE5 /* GameSelectionView.swift in Sources */ = {isa = PBXBuildFile; fileRef = CB58F48E27D589F100914CE5 /* GameSelectionView.swift */; };
		CB58F49327D5C51B00914CE5 /* ScoreSubmissionScreen.swift in Sources */ = {isa = PBXBuildFile; fileRef = CB58F49227D5C51B00914CE5 /* ScoreSubmissionScreen.swift */; };
		CB69FB7427C987C10080E6D0 /* GameRow.swift in Sources */ = {isa = PBXBuildFile; fileRef = CB69FB7327C987C10080E6D0 /* GameRow.swift */; };
		CB69FB7A27C9910A0080E6D0 /* Game.swift in Sources */ = {isa = PBXBuildFile; fileRef = CB69FB7927C9910A0080E6D0 /* Game.swift */; };
		CB74180927D5D30700FC7CDD /* WordleInputField.swift in Sources */ = {isa = PBXBuildFile; fileRef = CB74180827D5D30700FC7CDD /* WordleInputField.swift */; };
		CB89B5A827E03AE700FB4650 /* Background.swift in Sources */ = {isa = PBXBuildFile; fileRef = CB89B5A727E03AE700FB4650 /* Background.swift */; };
		CBAE44EB27D53AD400F60C04 /* WordleVerse.xcdatamodeld in Sources */ = {isa = PBXBuildFile; fileRef = CBAE44E927D53AD400F60C04 /* WordleVerse.xcdatamodeld */; };
		CBAE44EE27D53F6900F60C04 /* DataController.swift in Sources */ = {isa = PBXBuildFile; fileRef = CBAE44ED27D53F6900F60C04 /* DataController.swift */; };
		CBAE44F127D5581700F60C04 /* ScoreHistoryView.swift in Sources */ = {isa = PBXBuildFile; fileRef = CBAE44F027D5581700F60C04 /* ScoreHistoryView.swift */; };
		CBCCA3A227C94855007B2643 /* WordleAggregatorApp.swift in Sources */ = {isa = PBXBuildFile; fileRef = CBCCA3A127C94855007B2643 /* WordleAggregatorApp.swift */; };
		CBCCA3A427C94855007B2643 /* HomeScreenView.swift in Sources */ = {isa = PBXBuildFile; fileRef = CBCCA3A327C94855007B2643 /* HomeScreenView.swift */; };
		CBCCA3A627C94856007B2643 /* Assets.xcassets in Resources */ = {isa = PBXBuildFile; fileRef = CBCCA3A527C94856007B2643 /* Assets.xcassets */; };
		CBCCA3A927C94856007B2643 /* Preview Assets.xcassets in Resources */ = {isa = PBXBuildFile; fileRef = CBCCA3A827C94856007B2643 /* Preview Assets.xcassets */; };
		CBCCA3B327C94857007B2643 /* WordleAggregatorTests.swift in Sources */ = {isa = PBXBuildFile; fileRef = CBCCA3B227C94857007B2643 /* WordleAggregatorTests.swift */; };
		CBCCA3BD27C94857007B2643 /* WordleAggregatorUITests.swift in Sources */ = {isa = PBXBuildFile; fileRef = CBCCA3BC27C94857007B2643 /* WordleAggregatorUITests.swift */; };
		CBCCA3BF27C94857007B2643 /* WordleAggregatorUITestsLaunchTests.swift in Sources */ = {isa = PBXBuildFile; fileRef = CBCCA3BE27C94857007B2643 /* WordleAggregatorUITestsLaunchTests.swift */; };
		CBD2FE5F27D2B59200631C26 /* Color+Saved.swift in Sources */ = {isa = PBXBuildFile; fileRef = CBD2FE5E27D2B59200631C26 /* Color+Saved.swift */; };
		CBEDBA4B27D332450007C16D /* Colors.xcassets in Resources */ = {isa = PBXBuildFile; fileRef = CBEDBA4A27D332450007C16D /* Colors.xcassets */; };
		CBEDBA5227D343430007C16D /* FlexibleButton.swift in Sources */ = {isa = PBXBuildFile; fileRef = CBEDBA5127D343430007C16D /* FlexibleButton.swift */; };
/* End PBXBuildFile section */

/* Begin PBXContainerItemProxy section */
		CBCCA3AF27C94857007B2643 /* PBXContainerItemProxy */ = {
			isa = PBXContainerItemProxy;
			containerPortal = CBCCA39627C94855007B2643 /* Project object */;
			proxyType = 1;
			remoteGlobalIDString = CBCCA39D27C94855007B2643;
			remoteInfo = WordleAggregator;
		};
		CBCCA3B927C94857007B2643 /* PBXContainerItemProxy */ = {
			isa = PBXContainerItemProxy;
			containerPortal = CBCCA39627C94855007B2643 /* Project object */;
			proxyType = 1;
			remoteGlobalIDString = CBCCA39D27C94855007B2643;
			remoteInfo = WordleAggregator;
		};
/* End PBXContainerItemProxy section */

/* Begin PBXFileReference section */
		CB073BD827CBE1750016F04F /* GameRowViewModel.swift */ = {isa = PBXFileReference; fileEncoding = 4; lastKnownFileType = sourcecode.swift; path = GameRowViewModel.swift; sourceTree = "<group>"; };
		CB18720527E1820000BC81C4 /* TextFieldLimitModifier.swift */ = {isa = PBXFileReference; lastKnownFileType = sourcecode.swift; path = TextFieldLimitModifier.swift; sourceTree = "<group>"; };
		CB18720827E199E600BC81C4 /* Score.swift */ = {isa = PBXFileReference; lastKnownFileType = sourcecode.swift; path = Score.swift; sourceTree = "<group>"; };
		CB4A51CD27DAE6BE00AB5F0D /* String+Subscript.swift */ = {isa = PBXFileReference; lastKnownFileType = sourcecode.swift; path = "String+Subscript.swift"; sourceTree = "<group>"; };
		CB58F48E27D589F100914CE5 /* GameSelectionView.swift */ = {isa = PBXFileReference; lastKnownFileType = sourcecode.swift; path = GameSelectionView.swift; sourceTree = "<group>"; };
		CB58F49227D5C51B00914CE5 /* ScoreSubmissionScreen.swift */ = {isa = PBXFileReference; lastKnownFileType = sourcecode.swift; path = ScoreSubmissionScreen.swift; sourceTree = "<group>"; };
		CB69FB7327C987C10080E6D0 /* GameRow.swift */ = {isa = PBXFileReference; lastKnownFileType = sourcecode.swift; path = GameRow.swift; sourceTree = "<group>"; };
		CB69FB7927C9910A0080E6D0 /* Game.swift */ = {isa = PBXFileReference; lastKnownFileType = sourcecode.swift; path = Game.swift; sourceTree = "<group>"; };
		CB74180827D5D30700FC7CDD /* WordleInputField.swift */ = {isa = PBXFileReference; lastKnownFileType = sourcecode.swift; path = WordleInputField.swift; sourceTree = "<group>"; };
		CB89B5A727E03AE700FB4650 /* Background.swift */ = {isa = PBXFileReference; lastKnownFileType = sourcecode.swift; path = Background.swift; sourceTree = "<group>"; };
		CBAE44EA27D53AD400F60C04 /* WordleVerse.xcdatamodel */ = {isa = PBXFileReference; lastKnownFileType = wrapper.xcdatamodel; path = WordleVerse.xcdatamodel; sourceTree = "<group>"; };
		CBAE44ED27D53F6900F60C04 /* DataController.swift */ = {isa = PBXFileReference; lastKnownFileType = sourcecode.swift; path = DataController.swift; sourceTree = "<group>"; };
		CBAE44F027D5581700F60C04 /* ScoreHistoryView.swift */ = {isa = PBXFileReference; lastKnownFileType = sourcecode.swift; path = ScoreHistoryView.swift; sourceTree = "<group>"; };
		CBCCA39E27C94855007B2643 /* WordleAggregator.app */ = {isa = PBXFileReference; explicitFileType = wrapper.application; includeInIndex = 0; path = WordleAggregator.app; sourceTree = BUILT_PRODUCTS_DIR; };
		CBCCA3A127C94855007B2643 /* WordleAggregatorApp.swift */ = {isa = PBXFileReference; lastKnownFileType = sourcecode.swift; path = WordleAggregatorApp.swift; sourceTree = "<group>"; };
		CBCCA3A327C94855007B2643 /* HomeScreenView.swift */ = {isa = PBXFileReference; lastKnownFileType = sourcecode.swift; path = HomeScreenView.swift; sourceTree = "<group>"; };
		CBCCA3A527C94856007B2643 /* Assets.xcassets */ = {isa = PBXFileReference; lastKnownFileType = folder.assetcatalog; path = Assets.xcassets; sourceTree = "<group>"; };
		CBCCA3A827C94856007B2643 /* Preview Assets.xcassets */ = {isa = PBXFileReference; lastKnownFileType = folder.assetcatalog; path = "Preview Assets.xcassets"; sourceTree = "<group>"; };
		CBCCA3AE27C94857007B2643 /* WordleAggregatorTests.xctest */ = {isa = PBXFileReference; explicitFileType = wrapper.cfbundle; includeInIndex = 0; path = WordleAggregatorTests.xctest; sourceTree = BUILT_PRODUCTS_DIR; };
		CBCCA3B227C94857007B2643 /* WordleAggregatorTests.swift */ = {isa = PBXFileReference; lastKnownFileType = sourcecode.swift; path = WordleAggregatorTests.swift; sourceTree = "<group>"; };
		CBCCA3B827C94857007B2643 /* WordleAggregatorUITests.xctest */ = {isa = PBXFileReference; explicitFileType = wrapper.cfbundle; includeInIndex = 0; path = WordleAggregatorUITests.xctest; sourceTree = BUILT_PRODUCTS_DIR; };
		CBCCA3BC27C94857007B2643 /* WordleAggregatorUITests.swift */ = {isa = PBXFileReference; lastKnownFileType = sourcecode.swift; path = WordleAggregatorUITests.swift; sourceTree = "<group>"; };
		CBCCA3BE27C94857007B2643 /* WordleAggregatorUITestsLaunchTests.swift */ = {isa = PBXFileReference; lastKnownFileType = sourcecode.swift; path = WordleAggregatorUITestsLaunchTests.swift; sourceTree = "<group>"; };
		CBD2FE5E27D2B59200631C26 /* Color+Saved.swift */ = {isa = PBXFileReference; lastKnownFileType = sourcecode.swift; path = "Color+Saved.swift"; sourceTree = "<group>"; };
		CBEDBA4A27D332450007C16D /* Colors.xcassets */ = {isa = PBXFileReference; lastKnownFileType = folder.assetcatalog; path = Colors.xcassets; sourceTree = "<group>"; };
		CBEDBA5127D343430007C16D /* FlexibleButton.swift */ = {isa = PBXFileReference; lastKnownFileType = sourcecode.swift; path = FlexibleButton.swift; sourceTree = "<group>"; };
		CBEDBA5327D356240007C16D /* Info.plist */ = {isa = PBXFileReference; lastKnownFileType = text.plist; path = Info.plist; sourceTree = "<group>"; };
/* End PBXFileReference section */

/* Begin PBXFrameworksBuildPhase section */
		CBCCA39B27C94855007B2643 /* Frameworks */ = {
			isa = PBXFrameworksBuildPhase;
			buildActionMask = 2147483647;
			files = (
			);
			runOnlyForDeploymentPostprocessing = 0;
		};
		CBCCA3AB27C94857007B2643 /* Frameworks */ = {
			isa = PBXFrameworksBuildPhase;
			buildActionMask = 2147483647;
			files = (
			);
			runOnlyForDeploymentPostprocessing = 0;
		};
		CBCCA3B527C94857007B2643 /* Frameworks */ = {
			isa = PBXFrameworksBuildPhase;
			buildActionMask = 2147483647;
			files = (
			);
			runOnlyForDeploymentPostprocessing = 0;
		};
/* End PBXFrameworksBuildPhase section */

/* Begin PBXGroup section */
		CB18720427E181EE00BC81C4 /* Modifiers */ = {
			isa = PBXGroup;
			children = (
				CB18720527E1820000BC81C4 /* TextFieldLimitModifier.swift */,
			);
			path = Modifiers;
			sourceTree = "<group>";
		};
		CB18720727E1905800BC81C4 /* Resources */ = {
			isa = PBXGroup;
			children = (
				CBCCA3A527C94856007B2643 /* Assets.xcassets */,
				CBEDBA4A27D332450007C16D /* Colors.xcassets */,
			);
			path = Resources;
			sourceTree = "<group>";
		};
		CB4A51CA27DAE68700AB5F0D /* Extensions */ = {
			isa = PBXGroup;
			children = (
				CB4A51CD27DAE6BE00AB5F0D /* String+Subscript.swift */,
			);
			path = Extensions;
			sourceTree = "<group>";
		};
		CB58F49027D5910B00914CE5 /* Components */ = {
			isa = PBXGroup;
			children = (
				CB69FB7327C987C10080E6D0 /* GameRow.swift */,
				CB74180827D5D30700FC7CDD /* WordleInputField.swift */,
			);
			path = Components;
			sourceTree = "<group>";
		};
		CB58F49127D5911A00914CE5 /* Colors */ = {
			isa = PBXGroup;
			children = (
				CBD2FE5E27D2B59200631C26 /* Color+Saved.swift */,
			);
			path = Colors;
			sourceTree = "<group>";
		};
		CB69FB7127C94A120080E6D0 /* Source */ = {
			isa = PBXGroup;
			children = (
				CBCCA3A127C94855007B2643 /* WordleAggregatorApp.swift */,
				CBAE44EC27D53F5900F60C04 /* Data */,
				CB4A51CA27DAE68700AB5F0D /* Extensions */,
				CB69FB7827C990FB0080E6D0 /* Models */,
				CB69FB7227C97F510080E6D0 /* Views */,
				CB69FB7727C98EA00080E6D0 /* View-Models */,
			);
			path = Source;
			sourceTree = "<group>";
		};
		CB69FB7227C97F510080E6D0 /* Views */ = {
			isa = PBXGroup;
			children = (
				CB18720427E181EE00BC81C4 /* Modifiers */,
				CBEDBA4F27D343300007C16D /* Buttons */,
				CB58F49127D5911A00914CE5 /* Colors */,
				CB58F49027D5910B00914CE5 /* Components */,
				CBAE44EF27D5580000F60C04 /* Screens */,
				CB89B5A727E03AE700FB4650 /* Background.swift */,
			);
			path = Views;
			sourceTree = "<group>";
		};
		CB69FB7727C98EA00080E6D0 /* View-Models */ = {
			isa = PBXGroup;
			children = (
				CB073BD827CBE1750016F04F /* GameRowViewModel.swift */,
			);
			path = "View-Models";
			sourceTree = "<group>";
		};
		CB69FB7827C990FB0080E6D0 /* Models */ = {
			isa = PBXGroup;
			children = (
				CB69FB7927C9910A0080E6D0 /* Game.swift */,
				CB18720827E199E600BC81C4 /* Score.swift */,
			);
			path = Models;
			sourceTree = "<group>";
		};
		CBAE44EC27D53F5900F60C04 /* Data */ = {
			isa = PBXGroup;
			children = (
				CBAE44ED27D53F6900F60C04 /* DataController.swift */,
			);
			path = Data;
			sourceTree = "<group>";
		};
		CBAE44EF27D5580000F60C04 /* Screens */ = {
			isa = PBXGroup;
			children = (
				CBCCA3A327C94855007B2643 /* HomeScreenView.swift */,
				CBAE44F027D5581700F60C04 /* ScoreHistoryView.swift */,
				CB58F48E27D589F100914CE5 /* GameSelectionView.swift */,
				CB58F49227D5C51B00914CE5 /* ScoreSubmissionScreen.swift */,
			);
			path = Screens;
			sourceTree = "<group>";
		};
		CBCCA39527C94855007B2643 = {
			isa = PBXGroup;
			children = (
				CBCCA3A027C94855007B2643 /* WordleAggregator */,
				CBCCA3B127C94857007B2643 /* WordleAggregatorTests */,
				CBCCA3BB27C94857007B2643 /* WordleAggregatorUITests */,
				CBCCA39F27C94855007B2643 /* Products */,
			);
			sourceTree = "<group>";
		};
		CBCCA39F27C94855007B2643 /* Products */ = {
			isa = PBXGroup;
			children = (
				CBCCA39E27C94855007B2643 /* WordleAggregator.app */,
				CBCCA3AE27C94857007B2643 /* WordleAggregatorTests.xctest */,
				CBCCA3B827C94857007B2643 /* WordleAggregatorUITests.xctest */,
			);
			name = Products;
			sourceTree = "<group>";
		};
		CBCCA3A027C94855007B2643 /* WordleAggregator */ = {
			isa = PBXGroup;
			children = (
				CBEDBA5327D356240007C16D /* Info.plist */,
				CBAE44E927D53AD400F60C04 /* WordleVerse.xcdatamodeld */,
				CB69FB7127C94A120080E6D0 /* Source */,
				CB18720727E1905800BC81C4 /* Resources */,
				CBCCA3A727C94856007B2643 /* Preview Content */,
			);
			path = WordleAggregator;
			sourceTree = "<group>";
		};
		CBCCA3A727C94856007B2643 /* Preview Content */ = {
			isa = PBXGroup;
			children = (
				CBCCA3A827C94856007B2643 /* Preview Assets.xcassets */,
			);
			path = "Preview Content";
			sourceTree = "<group>";
		};
		CBCCA3B127C94857007B2643 /* WordleAggregatorTests */ = {
			isa = PBXGroup;
			children = (
				CBCCA3B227C94857007B2643 /* WordleAggregatorTests.swift */,
			);
			path = WordleAggregatorTests;
			sourceTree = "<group>";
		};
		CBCCA3BB27C94857007B2643 /* WordleAggregatorUITests */ = {
			isa = PBXGroup;
			children = (
				CBCCA3BC27C94857007B2643 /* WordleAggregatorUITests.swift */,
				CBCCA3BE27C94857007B2643 /* WordleAggregatorUITestsLaunchTests.swift */,
			);
			path = WordleAggregatorUITests;
			sourceTree = "<group>";
		};
		CBEDBA4F27D343300007C16D /* Buttons */ = {
			isa = PBXGroup;
			children = (
				CBEDBA5027D343390007C16D /* Styles */,
			);
			path = Buttons;
			sourceTree = "<group>";
		};
		CBEDBA5027D343390007C16D /* Styles */ = {
			isa = PBXGroup;
			children = (
				CBEDBA5127D343430007C16D /* FlexibleButton.swift */,
			);
			path = Styles;
			sourceTree = "<group>";
		};
/* End PBXGroup section */

/* Begin PBXNativeTarget section */
		CBCCA39D27C94855007B2643 /* WordleAggregator */ = {
			isa = PBXNativeTarget;
			buildConfigurationList = CBCCA3C227C94857007B2643 /* Build configuration list for PBXNativeTarget "WordleAggregator" */;
			buildPhases = (
				CBCCA39A27C94855007B2643 /* Sources */,
				CBCCA39B27C94855007B2643 /* Frameworks */,
				CBCCA39C27C94855007B2643 /* Resources */,
			);
			buildRules = (
			);
			dependencies = (
			);
			name = WordleAggregator;
			productName = WordleAggregator;
			productReference = CBCCA39E27C94855007B2643 /* WordleAggregator.app */;
			productType = "com.apple.product-type.application";
		};
		CBCCA3AD27C94857007B2643 /* WordleAggregatorTests */ = {
			isa = PBXNativeTarget;
			buildConfigurationList = CBCCA3C527C94857007B2643 /* Build configuration list for PBXNativeTarget "WordleAggregatorTests" */;
			buildPhases = (
				CBCCA3AA27C94857007B2643 /* Sources */,
				CBCCA3AB27C94857007B2643 /* Frameworks */,
				CBCCA3AC27C94857007B2643 /* Resources */,
			);
			buildRules = (
			);
			dependencies = (
				CBCCA3B027C94857007B2643 /* PBXTargetDependency */,
			);
			name = WordleAggregatorTests;
			productName = WordleAggregatorTests;
			productReference = CBCCA3AE27C94857007B2643 /* WordleAggregatorTests.xctest */;
			productType = "com.apple.product-type.bundle.unit-test";
		};
		CBCCA3B727C94857007B2643 /* WordleAggregatorUITests */ = {
			isa = PBXNativeTarget;
			buildConfigurationList = CBCCA3C827C94857007B2643 /* Build configuration list for PBXNativeTarget "WordleAggregatorUITests" */;
			buildPhases = (
				CBCCA3B427C94857007B2643 /* Sources */,
				CBCCA3B527C94857007B2643 /* Frameworks */,
				CBCCA3B627C94857007B2643 /* Resources */,
			);
			buildRules = (
			);
			dependencies = (
				CBCCA3BA27C94857007B2643 /* PBXTargetDependency */,
			);
			name = WordleAggregatorUITests;
			productName = WordleAggregatorUITests;
			productReference = CBCCA3B827C94857007B2643 /* WordleAggregatorUITests.xctest */;
			productType = "com.apple.product-type.bundle.ui-testing";
		};
/* End PBXNativeTarget section */

/* Begin PBXProject section */
		CBCCA39627C94855007B2643 /* Project object */ = {
			isa = PBXProject;
			attributes = {
				BuildIndependentTargetsInParallel = 1;
				LastSwiftUpdateCheck = 1300;
				LastUpgradeCheck = 1300;
				TargetAttributes = {
					CBCCA39D27C94855007B2643 = {
						CreatedOnToolsVersion = 13.0;
					};
					CBCCA3AD27C94857007B2643 = {
						CreatedOnToolsVersion = 13.0;
						TestTargetID = CBCCA39D27C94855007B2643;
					};
					CBCCA3B727C94857007B2643 = {
						CreatedOnToolsVersion = 13.0;
						TestTargetID = CBCCA39D27C94855007B2643;
					};
				};
			};
			buildConfigurationList = CBCCA39927C94855007B2643 /* Build configuration list for PBXProject "WordleAggregator" */;
			compatibilityVersion = "Xcode 13.0";
			developmentRegion = en;
			hasScannedForEncodings = 0;
			knownRegions = (
				en,
				Base,
			);
			mainGroup = CBCCA39527C94855007B2643;
			productRefGroup = CBCCA39F27C94855007B2643 /* Products */;
			projectDirPath = "";
			projectRoot = "";
			targets = (
				CBCCA39D27C94855007B2643 /* WordleAggregator */,
				CBCCA3AD27C94857007B2643 /* WordleAggregatorTests */,
				CBCCA3B727C94857007B2643 /* WordleAggregatorUITests */,
			);
		};
/* End PBXProject section */

/* Begin PBXResourcesBuildPhase section */
		CBCCA39C27C94855007B2643 /* Resources */ = {
			isa = PBXResourcesBuildPhase;
			buildActionMask = 2147483647;
			files = (
				CBEDBA4B27D332450007C16D /* Colors.xcassets in Resources */,
				CBCCA3A927C94856007B2643 /* Preview Assets.xcassets in Resources */,
				CBCCA3A627C94856007B2643 /* Assets.xcassets in Resources */,
			);
			runOnlyForDeploymentPostprocessing = 0;
		};
		CBCCA3AC27C94857007B2643 /* Resources */ = {
			isa = PBXResourcesBuildPhase;
			buildActionMask = 2147483647;
			files = (
			);
			runOnlyForDeploymentPostprocessing = 0;
		};
		CBCCA3B627C94857007B2643 /* Resources */ = {
			isa = PBXResourcesBuildPhase;
			buildActionMask = 2147483647;
			files = (
			);
			runOnlyForDeploymentPostprocessing = 0;
		};
/* End PBXResourcesBuildPhase section */

/* Begin PBXSourcesBuildPhase section */
		CBCCA39A27C94855007B2643 /* Sources */ = {
			isa = PBXSourcesBuildPhase;
			buildActionMask = 2147483647;
			files = (
				CB18720927E199E600BC81C4 /* Score.swift in Sources */,
				CBEDBA5227D343430007C16D /* FlexibleButton.swift in Sources */,
				CB18720627E1820000BC81C4 /* TextFieldLimitModifier.swift in Sources */,
				CBAE44EE27D53F6900F60C04 /* DataController.swift in Sources */,
				CBAE44EB27D53AD400F60C04 /* WordleVerse.xcdatamodeld in Sources */,
				CB58F48F27D589F100914CE5 /* GameSelectionView.swift in Sources */,
				CBCCA3A427C94855007B2643 /* HomeScreenView.swift in Sources */,
				CBD2FE5F27D2B59200631C26 /* Color+Saved.swift in Sources */,
				CBAE44F127D5581700F60C04 /* ScoreHistoryView.swift in Sources */,
				CB74180927D5D30700FC7CDD /* WordleInputField.swift in Sources */,
				CB073BD927CBE1750016F04F /* GameRowViewModel.swift in Sources */,
				CB69FB7A27C9910A0080E6D0 /* Game.swift in Sources */,
				CBCCA3A227C94855007B2643 /* WordleAggregatorApp.swift in Sources */,
				CB58F49327D5C51B00914CE5 /* ScoreSubmissionScreen.swift in Sources */,
				CB4A51CE27DAE6BE00AB5F0D /* String+Subscript.swift in Sources */,
				CB89B5A827E03AE700FB4650 /* Background.swift in Sources */,
				CB69FB7427C987C10080E6D0 /* GameRow.swift in Sources */,
			);
			runOnlyForDeploymentPostprocessing = 0;
		};
		CBCCA3AA27C94857007B2643 /* Sources */ = {
			isa = PBXSourcesBuildPhase;
			buildActionMask = 2147483647;
			files = (
				CBCCA3B327C94857007B2643 /* WordleAggregatorTests.swift in Sources */,
			);
			runOnlyForDeploymentPostprocessing = 0;
		};
		CBCCA3B427C94857007B2643 /* Sources */ = {
			isa = PBXSourcesBuildPhase;
			buildActionMask = 2147483647;
			files = (
				CBCCA3BF27C94857007B2643 /* WordleAggregatorUITestsLaunchTests.swift in Sources */,
				CBCCA3BD27C94857007B2643 /* WordleAggregatorUITests.swift in Sources */,
			);
			runOnlyForDeploymentPostprocessing = 0;
		};
/* End PBXSourcesBuildPhase section */

/* Begin PBXTargetDependency section */
		CBCCA3B027C94857007B2643 /* PBXTargetDependency */ = {
			isa = PBXTargetDependency;
			target = CBCCA39D27C94855007B2643 /* WordleAggregator */;
			targetProxy = CBCCA3AF27C94857007B2643 /* PBXContainerItemProxy */;
		};
		CBCCA3BA27C94857007B2643 /* PBXTargetDependency */ = {
			isa = PBXTargetDependency;
			target = CBCCA39D27C94855007B2643 /* WordleAggregator */;
			targetProxy = CBCCA3B927C94857007B2643 /* PBXContainerItemProxy */;
		};
/* End PBXTargetDependency section */

/* Begin XCBuildConfiguration section */
		CBCCA3C027C94857007B2643 /* Debug */ = {
			isa = XCBuildConfiguration;
			buildSettings = {
				ALWAYS_SEARCH_USER_PATHS = NO;
				CLANG_ANALYZER_NONNULL = YES;
				CLANG_ANALYZER_NUMBER_OBJECT_CONVERSION = YES_AGGRESSIVE;
				CLANG_CXX_LANGUAGE_STANDARD = "gnu++17";
				CLANG_CXX_LIBRARY = "libc++";
				CLANG_ENABLE_MODULES = YES;
				CLANG_ENABLE_OBJC_ARC = YES;
				CLANG_ENABLE_OBJC_WEAK = YES;
				CLANG_WARN_BLOCK_CAPTURE_AUTORELEASING = YES;
				CLANG_WARN_BOOL_CONVERSION = YES;
				CLANG_WARN_COMMA = YES;
				CLANG_WARN_CONSTANT_CONVERSION = YES;
				CLANG_WARN_DEPRECATED_OBJC_IMPLEMENTATIONS = YES;
				CLANG_WARN_DIRECT_OBJC_ISA_USAGE = YES_ERROR;
				CLANG_WARN_DOCUMENTATION_COMMENTS = YES;
				CLANG_WARN_EMPTY_BODY = YES;
				CLANG_WARN_ENUM_CONVERSION = YES;
				CLANG_WARN_INFINITE_RECURSION = YES;
				CLANG_WARN_INT_CONVERSION = YES;
				CLANG_WARN_NON_LITERAL_NULL_CONVERSION = YES;
				CLANG_WARN_OBJC_IMPLICIT_RETAIN_SELF = YES;
				CLANG_WARN_OBJC_LITERAL_CONVERSION = YES;
				CLANG_WARN_OBJC_ROOT_CLASS = YES_ERROR;
				CLANG_WARN_QUOTED_INCLUDE_IN_FRAMEWORK_HEADER = YES;
				CLANG_WARN_RANGE_LOOP_ANALYSIS = YES;
				CLANG_WARN_STRICT_PROTOTYPES = YES;
				CLANG_WARN_SUSPICIOUS_MOVE = YES;
				CLANG_WARN_UNGUARDED_AVAILABILITY = YES_AGGRESSIVE;
				CLANG_WARN_UNREACHABLE_CODE = YES;
				CLANG_WARN__DUPLICATE_METHOD_MATCH = YES;
				COPY_PHASE_STRIP = NO;
				DEBUG_INFORMATION_FORMAT = dwarf;
				ENABLE_STRICT_OBJC_MSGSEND = YES;
				ENABLE_TESTABILITY = YES;
				GCC_C_LANGUAGE_STANDARD = gnu11;
				GCC_DYNAMIC_NO_PIC = NO;
				GCC_NO_COMMON_BLOCKS = YES;
				GCC_OPTIMIZATION_LEVEL = 0;
				GCC_PREPROCESSOR_DEFINITIONS = (
					"DEBUG=1",
					"$(inherited)",
				);
				GCC_WARN_64_TO_32_BIT_CONVERSION = YES;
				GCC_WARN_ABOUT_RETURN_TYPE = YES_ERROR;
				GCC_WARN_UNDECLARED_SELECTOR = YES;
				GCC_WARN_UNINITIALIZED_AUTOS = YES_AGGRESSIVE;
				GCC_WARN_UNUSED_FUNCTION = YES;
				GCC_WARN_UNUSED_VARIABLE = YES;
				IPHONEOS_DEPLOYMENT_TARGET = 15.0;
				MTL_ENABLE_DEBUG_INFO = INCLUDE_SOURCE;
				MTL_FAST_MATH = YES;
				ONLY_ACTIVE_ARCH = YES;
				SDKROOT = iphoneos;
				SWIFT_ACTIVE_COMPILATION_CONDITIONS = DEBUG;
				SWIFT_OPTIMIZATION_LEVEL = "-Onone";
			};
			name = Debug;
		};
		CBCCA3C127C94857007B2643 /* Release */ = {
			isa = XCBuildConfiguration;
			buildSettings = {
				ALWAYS_SEARCH_USER_PATHS = NO;
				CLANG_ANALYZER_NONNULL = YES;
				CLANG_ANALYZER_NUMBER_OBJECT_CONVERSION = YES_AGGRESSIVE;
				CLANG_CXX_LANGUAGE_STANDARD = "gnu++17";
				CLANG_CXX_LIBRARY = "libc++";
				CLANG_ENABLE_MODULES = YES;
				CLANG_ENABLE_OBJC_ARC = YES;
				CLANG_ENABLE_OBJC_WEAK = YES;
				CLANG_WARN_BLOCK_CAPTURE_AUTORELEASING = YES;
				CLANG_WARN_BOOL_CONVERSION = YES;
				CLANG_WARN_COMMA = YES;
				CLANG_WARN_CONSTANT_CONVERSION = YES;
				CLANG_WARN_DEPRECATED_OBJC_IMPLEMENTATIONS = YES;
				CLANG_WARN_DIRECT_OBJC_ISA_USAGE = YES_ERROR;
				CLANG_WARN_DOCUMENTATION_COMMENTS = YES;
				CLANG_WARN_EMPTY_BODY = YES;
				CLANG_WARN_ENUM_CONVERSION = YES;
				CLANG_WARN_INFINITE_RECURSION = YES;
				CLANG_WARN_INT_CONVERSION = YES;
				CLANG_WARN_NON_LITERAL_NULL_CONVERSION = YES;
				CLANG_WARN_OBJC_IMPLICIT_RETAIN_SELF = YES;
				CLANG_WARN_OBJC_LITERAL_CONVERSION = YES;
				CLANG_WARN_OBJC_ROOT_CLASS = YES_ERROR;
				CLANG_WARN_QUOTED_INCLUDE_IN_FRAMEWORK_HEADER = YES;
				CLANG_WARN_RANGE_LOOP_ANALYSIS = YES;
				CLANG_WARN_STRICT_PROTOTYPES = YES;
				CLANG_WARN_SUSPICIOUS_MOVE = YES;
				CLANG_WARN_UNGUARDED_AVAILABILITY = YES_AGGRESSIVE;
				CLANG_WARN_UNREACHABLE_CODE = YES;
				CLANG_WARN__DUPLICATE_METHOD_MATCH = YES;
				COPY_PHASE_STRIP = NO;
				DEBUG_INFORMATION_FORMAT = "dwarf-with-dsym";
				ENABLE_NS_ASSERTIONS = NO;
				ENABLE_STRICT_OBJC_MSGSEND = YES;
				GCC_C_LANGUAGE_STANDARD = gnu11;
				GCC_NO_COMMON_BLOCKS = YES;
				GCC_WARN_64_TO_32_BIT_CONVERSION = YES;
				GCC_WARN_ABOUT_RETURN_TYPE = YES_ERROR;
				GCC_WARN_UNDECLARED_SELECTOR = YES;
				GCC_WARN_UNINITIALIZED_AUTOS = YES_AGGRESSIVE;
				GCC_WARN_UNUSED_FUNCTION = YES;
				GCC_WARN_UNUSED_VARIABLE = YES;
				IPHONEOS_DEPLOYMENT_TARGET = 15.0;
				MTL_ENABLE_DEBUG_INFO = NO;
				MTL_FAST_MATH = YES;
				SDKROOT = iphoneos;
				SWIFT_COMPILATION_MODE = wholemodule;
				SWIFT_OPTIMIZATION_LEVEL = "-O";
				VALIDATE_PRODUCT = YES;
			};
			name = Release;
		};
		CBCCA3C327C94857007B2643 /* Debug */ = {
			isa = XCBuildConfiguration;
			buildSettings = {
				ASSETCATALOG_COMPILER_APPICON_NAME = AppIcon;
				ASSETCATALOG_COMPILER_GLOBAL_ACCENT_COLOR_NAME = AccentColor;
				CODE_SIGN_STYLE = Automatic;
				CURRENT_PROJECT_VERSION = 1;
				DEVELOPMENT_ASSET_PATHS = "\"WordleAggregator/Preview Content\"";
				DEVELOPMENT_TEAM = FB4GZPFLL6;
				ENABLE_PREVIEWS = YES;
				GENERATE_INFOPLIST_FILE = YES;
				INFOPLIST_FILE = WordleAggregator/Info.plist;
				INFOPLIST_KEY_CFBundleDisplayName = WordleVerse;
				INFOPLIST_KEY_UIApplicationSceneManifest_Generation = YES;
				INFOPLIST_KEY_UIApplicationSupportsIndirectInputEvents = YES;
				INFOPLIST_KEY_UISupportedInterfaceOrientations_iPad = "UIInterfaceOrientationPortrait UIInterfaceOrientationPortraitUpsideDown UIInterfaceOrientationLandscapeLeft UIInterfaceOrientationLandscapeRight";
				INFOPLIST_KEY_UISupportedInterfaceOrientations_iPhone = "UIInterfaceOrientationPortrait UIInterfaceOrientationLandscapeLeft UIInterfaceOrientationLandscapeRight";
				IPHONEOS_DEPLOYMENT_TARGET = 15.0;
				LD_RUNPATH_SEARCH_PATHS = (
					"$(inherited)",
					"@executable_path/Frameworks",
				);
				MARKETING_VERSION = 1.0;
				PRODUCT_BUNDLE_IDENTIFIER = com.nathanernestfuller.WordleAggregator;
				PRODUCT_NAME = "$(TARGET_NAME)";
				SWIFT_EMIT_LOC_STRINGS = YES;
				SWIFT_VERSION = 5.0;
				TARGETED_DEVICE_FAMILY = "1,2";
			};
			name = Debug;
		};
		CBCCA3C427C94857007B2643 /* Release */ = {
			isa = XCBuildConfiguration;
			buildSettings = {
				ASSETCATALOG_COMPILER_APPICON_NAME = AppIcon;
				ASSETCATALOG_COMPILER_GLOBAL_ACCENT_COLOR_NAME = AccentColor;
				CODE_SIGN_STYLE = Automatic;
				CURRENT_PROJECT_VERSION = 1;
				DEVELOPMENT_ASSET_PATHS = "\"WordleAggregator/Preview Content\"";
				DEVELOPMENT_TEAM = FB4GZPFLL6;
				ENABLE_PREVIEWS = YES;
				GENERATE_INFOPLIST_FILE = YES;
				INFOPLIST_FILE = WordleAggregator/Info.plist;
				INFOPLIST_KEY_CFBundleDisplayName = WordleVerse;
				INFOPLIST_KEY_UIApplicationSceneManifest_Generation = YES;
				INFOPLIST_KEY_UIApplicationSupportsIndirectInputEvents = YES;
				INFOPLIST_KEY_UISupportedInterfaceOrientations_iPad = "UIInterfaceOrientationPortrait UIInterfaceOrientationPortraitUpsideDown UIInterfaceOrientationLandscapeLeft UIInterfaceOrientationLandscapeRight";
				INFOPLIST_KEY_UISupportedInterfaceOrientations_iPhone = "UIInterfaceOrientationPortrait UIInterfaceOrientationLandscapeLeft UIInterfaceOrientationLandscapeRight";
				IPHONEOS_DEPLOYMENT_TARGET = 15.0;
				LD_RUNPATH_SEARCH_PATHS = (
					"$(inherited)",
					"@executable_path/Frameworks",
				);
				MARKETING_VERSION = 1.0;
				PRODUCT_BUNDLE_IDENTIFIER = com.nathanernestfuller.WordleAggregator;
				PRODUCT_NAME = "$(TARGET_NAME)";
				SWIFT_EMIT_LOC_STRINGS = YES;
				SWIFT_VERSION = 5.0;
				TARGETED_DEVICE_FAMILY = "1,2";
			};
			name = Release;
		};
		CBCCA3C627C94857007B2643 /* Debug */ = {
			isa = XCBuildConfiguration;
			buildSettings = {
				ALWAYS_EMBED_SWIFT_STANDARD_LIBRARIES = YES;
				BUNDLE_LOADER = "$(TEST_HOST)";
				CODE_SIGN_STYLE = Automatic;
				CURRENT_PROJECT_VERSION = 1;
				DEVELOPMENT_TEAM = FB4GZPFLL6;
				GENERATE_INFOPLIST_FILE = YES;
				IPHONEOS_DEPLOYMENT_TARGET = 15.0;
				LD_RUNPATH_SEARCH_PATHS = (
					"$(inherited)",
					"@executable_path/Frameworks",
					"@loader_path/Frameworks",
				);
				MARKETING_VERSION = 1.0;
				PRODUCT_BUNDLE_IDENTIFIER = com.nathanernestfuller.WordleAggregatorTests;
				PRODUCT_NAME = "$(TARGET_NAME)";
				SWIFT_EMIT_LOC_STRINGS = NO;
				SWIFT_VERSION = 5.0;
				TARGETED_DEVICE_FAMILY = "1,2";
				TEST_HOST = "$(BUILT_PRODUCTS_DIR)/WordleAggregator.app/WordleAggregator";
			};
			name = Debug;
		};
		CBCCA3C727C94857007B2643 /* Release */ = {
			isa = XCBuildConfiguration;
			buildSettings = {
				ALWAYS_EMBED_SWIFT_STANDARD_LIBRARIES = YES;
				BUNDLE_LOADER = "$(TEST_HOST)";
				CODE_SIGN_STYLE = Automatic;
				CURRENT_PROJECT_VERSION = 1;
				DEVELOPMENT_TEAM = FB4GZPFLL6;
				GENERATE_INFOPLIST_FILE = YES;
				IPHONEOS_DEPLOYMENT_TARGET = 15.0;
				LD_RUNPATH_SEARCH_PATHS = (
					"$(inherited)",
					"@executable_path/Frameworks",
					"@loader_path/Frameworks",
				);
				MARKETING_VERSION = 1.0;
				PRODUCT_BUNDLE_IDENTIFIER = com.nathanernestfuller.WordleAggregatorTests;
				PRODUCT_NAME = "$(TARGET_NAME)";
				SWIFT_EMIT_LOC_STRINGS = NO;
				SWIFT_VERSION = 5.0;
				TARGETED_DEVICE_FAMILY = "1,2";
				TEST_HOST = "$(BUILT_PRODUCTS_DIR)/WordleAggregator.app/WordleAggregator";
			};
			name = Release;
		};
		CBCCA3C927C94857007B2643 /* Debug */ = {
			isa = XCBuildConfiguration;
			buildSettings = {
				ALWAYS_EMBED_SWIFT_STANDARD_LIBRARIES = YES;
				CODE_SIGN_STYLE = Automatic;
				CURRENT_PROJECT_VERSION = 1;
				DEVELOPMENT_TEAM = FB4GZPFLL6;
				GENERATE_INFOPLIST_FILE = YES;
				LD_RUNPATH_SEARCH_PATHS = (
					"$(inherited)",
					"@executable_path/Frameworks",
					"@loader_path/Frameworks",
				);
				MARKETING_VERSION = 1.0;
				PRODUCT_BUNDLE_IDENTIFIER = com.nathanernestfuller.WordleAggregatorUITests;
				PRODUCT_NAME = "$(TARGET_NAME)";
				SWIFT_EMIT_LOC_STRINGS = NO;
				SWIFT_VERSION = 5.0;
				TARGETED_DEVICE_FAMILY = "1,2";
				TEST_TARGET_NAME = WordleAggregator;
			};
			name = Debug;
		};
		CBCCA3CA27C94857007B2643 /* Release */ = {
			isa = XCBuildConfiguration;
			buildSettings = {
				ALWAYS_EMBED_SWIFT_STANDARD_LIBRARIES = YES;
				CODE_SIGN_STYLE = Automatic;
				CURRENT_PROJECT_VERSION = 1;
				DEVELOPMENT_TEAM = FB4GZPFLL6;
				GENERATE_INFOPLIST_FILE = YES;
				LD_RUNPATH_SEARCH_PATHS = (
					"$(inherited)",
					"@executable_path/Frameworks",
					"@loader_path/Frameworks",
				);
				MARKETING_VERSION = 1.0;
				PRODUCT_BUNDLE_IDENTIFIER = com.nathanernestfuller.WordleAggregatorUITests;
				PRODUCT_NAME = "$(TARGET_NAME)";
				SWIFT_EMIT_LOC_STRINGS = NO;
				SWIFT_VERSION = 5.0;
				TARGETED_DEVICE_FAMILY = "1,2";
				TEST_TARGET_NAME = WordleAggregator;
			};
			name = Release;
		};
/* End XCBuildConfiguration section */

/* Begin XCConfigurationList section */
		CBCCA39927C94855007B2643 /* Build configuration list for PBXProject "WordleAggregator" */ = {
			isa = XCConfigurationList;
			buildConfigurations = (
				CBCCA3C027C94857007B2643 /* Debug */,
				CBCCA3C127C94857007B2643 /* Release */,
			);
			defaultConfigurationIsVisible = 0;
			defaultConfigurationName = Release;
		};
		CBCCA3C227C94857007B2643 /* Build configuration list for PBXNativeTarget "WordleAggregator" */ = {
			isa = XCConfigurationList;
			buildConfigurations = (
				CBCCA3C327C94857007B2643 /* Debug */,
				CBCCA3C427C94857007B2643 /* Release */,
			);
			defaultConfigurationIsVisible = 0;
			defaultConfigurationName = Release;
		};
		CBCCA3C527C94857007B2643 /* Build configuration list for PBXNativeTarget "WordleAggregatorTests" */ = {
			isa = XCConfigurationList;
			buildConfigurations = (
				CBCCA3C627C94857007B2643 /* Debug */,
				CBCCA3C727C94857007B2643 /* Release */,
			);
			defaultConfigurationIsVisible = 0;
			defaultConfigurationName = Release;
		};
		CBCCA3C827C94857007B2643 /* Build configuration list for PBXNativeTarget "WordleAggregatorUITests" */ = {
			isa = XCConfigurationList;
			buildConfigurations = (
				CBCCA3C927C94857007B2643 /* Debug */,
				CBCCA3CA27C94857007B2643 /* Release */,
			);
			defaultConfigurationIsVisible = 0;
			defaultConfigurationName = Release;
		};
/* End XCConfigurationList section */

/* Begin XCVersionGroup section */
		CBAE44E927D53AD400F60C04 /* WordleVerse.xcdatamodeld */ = {
			isa = XCVersionGroup;
			children = (
				CBAE44EA27D53AD400F60C04 /* WordleVerse.xcdatamodel */,
			);
			currentVersion = CBAE44EA27D53AD400F60C04 /* WordleVerse.xcdatamodel */;
			path = WordleVerse.xcdatamodeld;
			sourceTree = "<group>";
			versionGroupType = wrapper.xcdatamodel;
		};
/* End XCVersionGroup section */
	};
	rootObject = CBCCA39627C94855007B2643 /* Project object */;
}
