// !$*UTF8*$!
{
	archiveVersion = 1;
	classes = {
	};
	objectVersion = 55;
	objects = {

/* Begin PBXBuildFile section */
		4F59A72DD62EAE2F66CD99A1 /* Pods_Recordle.framework in Frameworks */ = {isa = PBXBuildFile; fileRef = 848453F4D6136DF08F6C9578 /* Pods_Recordle.framework */; };
		ADAD3712FB281B76464D3A44 /* Pods_RecordleTests.framework in Frameworks */ = {isa = PBXBuildFile; fileRef = 937B28F55F7BAE76EC295BC3 /* Pods_RecordleTests.framework */; };
		CB073BD927CBE1750016F04F /* GameRowViewModel.swift in Sources */ = {isa = PBXBuildFile; fileRef = CB073BD827CBE1750016F04F /* GameRowViewModel.swift */; };
		CB0F311227F9DD1D00A66B00 /* TestData.swift in Sources */ = {isa = PBXBuildFile; fileRef = CB0F311127F9DD1D00A66B00 /* TestData.swift */; };
		CB0F311427F9DD4200A66B00 /* TestScores.swift in Sources */ = {isa = PBXBuildFile; fileRef = CB0F311327F9DD4200A66B00 /* TestScores.swift */; };
		CB18720627E1820000BC81C4 /* TextFieldLimitModifier.swift in Sources */ = {isa = PBXBuildFile; fileRef = CB18720527E1820000BC81C4 /* TextFieldLimitModifier.swift */; };
		CB18720927E199E600BC81C4 /* Score.swift in Sources */ = {isa = PBXBuildFile; fileRef = CB18720827E199E600BC81C4 /* Score.swift */; };
		CB349227282AF83A008E6B11 /* WordleVerse.xcdatamodeld in Sources */ = {isa = PBXBuildFile; fileRef = CB349225282AF83A008E6B11 /* WordleVerse.xcdatamodeld */; };
		CB360BBB280320EA00F430DD /* GoogleService-Info.plist in Resources */ = {isa = PBXBuildFile; fileRef = CB360BBA280320EA00F430DD /* GoogleService-Info.plist */; };
		CB4A3B3F27E97C5400DB32A4 /* WordleParser.swift in Sources */ = {isa = PBXBuildFile; fileRef = CB4A3B3E27E97C5400DB32A4 /* WordleParser.swift */; };
		CB4A3B4127E97D2600DB32A4 /* WordleParserTests.swift in Sources */ = {isa = PBXBuildFile; fileRef = CB4A3B4027E97D2600DB32A4 /* WordleParserTests.swift */; };
		CB4A3B4627E99EF700DB32A4 /* WordleResultInputField.swift in Sources */ = {isa = PBXBuildFile; fileRef = CB4A3B4527E99EF700DB32A4 /* WordleResultInputField.swift */; };
		CB4A51CE27DAE6BE00AB5F0D /* String+Subscript.swift in Sources */ = {isa = PBXBuildFile; fileRef = CB4A51CD27DAE6BE00AB5F0D /* String+Subscript.swift */; };
		CB58F48F27D589F100914CE5 /* GameSelectionView.swift in Sources */ = {isa = PBXBuildFile; fileRef = CB58F48E27D589F100914CE5 /* GameSelectionView.swift */; };
		CB58F49327D5C51B00914CE5 /* ScoreSubmissionView.swift in Sources */ = {isa = PBXBuildFile; fileRef = CB58F49227D5C51B00914CE5 /* ScoreSubmissionView.swift */; };
		CB59FB572830ABE100887898 /* RecordleUITestsLaunchTests.swift in Sources */ = {isa = PBXBuildFile; fileRef = CB30E8A0282AFCA0007F9892 /* RecordleUITestsLaunchTests.swift */; };
		CB59FB582830ABEA00887898 /* RecordleUITests.swift in Sources */ = {isa = PBXBuildFile; fileRef = CB30E89F282AFCA0007F9892 /* RecordleUITests.swift */; };
		CB69FB7427C987C10080E6D0 /* GameRow.swift in Sources */ = {isa = PBXBuildFile; fileRef = CB69FB7327C987C10080E6D0 /* GameRow.swift */; };
		CB69FB7A27C9910A0080E6D0 /* Game.swift in Sources */ = {isa = PBXBuildFile; fileRef = CB69FB7927C9910A0080E6D0 /* Game.swift */; };
		CB74180927D5D30700FC7CDD /* WordleInputField.swift in Sources */ = {isa = PBXBuildFile; fileRef = CB74180827D5D30700FC7CDD /* WordleInputField.swift */; };
		CB7733B427F8C0C000DB9D9F /* TestError.swift in Sources */ = {isa = PBXBuildFile; fileRef = CB7733B327F8C0C000DB9D9F /* TestError.swift */; };
		CB7733B727F8F3B800DB9D9F /* EnvironmentValues+Routing.swift in Sources */ = {isa = PBXBuildFile; fileRef = CB7733B627F8F3B800DB9D9F /* EnvironmentValues+Routing.swift */; };
		CB7733B927F900BB00DB9D9F /* HomeScreenRow.swift in Sources */ = {isa = PBXBuildFile; fileRef = CB7733B827F900BB00DB9D9F /* HomeScreenRow.swift */; };
		CB7733BD27F911B400DB9D9F /* HistoryRow.swift in Sources */ = {isa = PBXBuildFile; fileRef = CB7733BC27F911B400DB9D9F /* HistoryRow.swift */; };
		CB7733BF27F9197B00DB9D9F /* Date+Formatting.swift in Sources */ = {isa = PBXBuildFile; fileRef = CB7733BE27F9197B00DB9D9F /* Date+Formatting.swift */; };
		CB78262427F6C39600D114D8 /* InnerShadowModifier.swift in Sources */ = {isa = PBXBuildFile; fileRef = CB78262327F6C39600D114D8 /* InnerShadowModifier.swift */; };
		CB78262627F6D3C900D114D8 /* ParseResult.swift in Sources */ = {isa = PBXBuildFile; fileRef = CB78262527F6D3C900D114D8 /* ParseResult.swift */; };
		CB78262727F6D9D300D114D8 /* String+WordleParserInput.swift in Sources */ = {isa = PBXBuildFile; fileRef = CB4A3B4327E980A800DB32A4 /* String+WordleParserInput.swift */; };
		CB7CA0E82803310D009CCF5C /* FirebaseManager.swift in Sources */ = {isa = PBXBuildFile; fileRef = CB7CA0E72803310D009CCF5C /* FirebaseManager.swift */; };
		CB7CA0EA28033227009CCF5C /* Screen.swift in Sources */ = {isa = PBXBuildFile; fileRef = CB7CA0E928033227009CCF5C /* Screen.swift */; };
		CB7CA0EC28034311009CCF5C /* Event.swift in Sources */ = {isa = PBXBuildFile; fileRef = CB7CA0EB28034311009CCF5C /* Event.swift */; };
		CB7CA0EE28034EAF009CCF5C /* AnalyticsLoggable.swift in Sources */ = {isa = PBXBuildFile; fileRef = CB7CA0ED28034EAF009CCF5C /* AnalyticsLoggable.swift */; };
		CB7CA0F028034FC5009CCF5C /* AnalyticsManager.swift in Sources */ = {isa = PBXBuildFile; fileRef = CB7CA0EF28034FC5009CCF5C /* AnalyticsManager.swift */; };
		CB89B5A827E03AE700FB4650 /* Background.swift in Sources */ = {isa = PBXBuildFile; fileRef = CB89B5A727E03AE700FB4650 /* Background.swift */; };
		CB90129F280316EE002F6B8D /* en.xcloc in Resources */ = {isa = PBXBuildFile; fileRef = CB90129E280316EE002F6B8D /* en.xcloc */; };
		CB9012A12803189A002F6B8D /* GameWebView.swift in Sources */ = {isa = PBXBuildFile; fileRef = CB9012A02803189A002F6B8D /* GameWebView.swift */; };
		CBAE44EE27D53F6900F60C04 /* DataController.swift in Sources */ = {isa = PBXBuildFile; fileRef = CBAE44ED27D53F6900F60C04 /* DataController.swift */; };
		CBAE44F127D5581700F60C04 /* ScoreHistoryView.swift in Sources */ = {isa = PBXBuildFile; fileRef = CBAE44F027D5581700F60C04 /* ScoreHistoryView.swift */; };
		CBAF7BA72805317C00F67996 /* Podfile in Resources */ = {isa = PBXBuildFile; fileRef = CBAF7BA62805317C00F67996 /* Podfile */; };
		CBB52B7427FBE24A00B0180A /* ScoreHistoryViewModel.swift in Sources */ = {isa = PBXBuildFile; fileRef = CBB52B7327FBE24A00B0180A /* ScoreHistoryViewModel.swift */; };
		CBB52B76280206E900B0180A /* WebView.swift in Sources */ = {isa = PBXBuildFile; fileRef = CBB52B75280206E900B0180A /* WebView.swift */; };
		CBCCA3A227C94855007B2643 /* RecordleApp.swift in Sources */ = {isa = PBXBuildFile; fileRef = CBCCA3A127C94855007B2643 /* RecordleApp.swift */; };
		CBCCA3A427C94855007B2643 /* HomeScreenView.swift in Sources */ = {isa = PBXBuildFile; fileRef = CBCCA3A327C94855007B2643 /* HomeScreenView.swift */; };
		CBCCA3A627C94856007B2643 /* Assets.xcassets in Resources */ = {isa = PBXBuildFile; fileRef = CBCCA3A527C94856007B2643 /* Assets.xcassets */; };
		CBCCA3A927C94856007B2643 /* Preview Assets.xcassets in Resources */ = {isa = PBXBuildFile; fileRef = CBCCA3A827C94856007B2643 /* Preview Assets.xcassets */; };
		CBCCA3B327C94857007B2643 /* RecordleTests.swift in Sources */ = {isa = PBXBuildFile; fileRef = CBCCA3B227C94857007B2643 /* RecordleTests.swift */; };
		CBD2FE5F27D2B59200631C26 /* Color+Saved.swift in Sources */ = {isa = PBXBuildFile; fileRef = CBD2FE5E27D2B59200631C26 /* Color+Saved.swift */; };
		CBED677527F6B82100D106C0 /* PasteResultsView.swift in Sources */ = {isa = PBXBuildFile; fileRef = CBED677427F6B82100D106C0 /* PasteResultsView.swift */; };
		CBED677727F6C0DE00D106C0 /* String+Optional.swift in Sources */ = {isa = PBXBuildFile; fileRef = CBED677627F6C0DE00D106C0 /* String+Optional.swift */; };
		CBEDBA4B27D332450007C16D /* Colors.xcassets in Resources */ = {isa = PBXBuildFile; fileRef = CBEDBA4A27D332450007C16D /* Colors.xcassets */; };
		CBEDBA5227D343430007C16D /* FlexibleButton.swift in Sources */ = {isa = PBXBuildFile; fileRef = CBEDBA5127D343430007C16D /* FlexibleButton.swift */; };
		E939277A2E06FEEF4B251977 /* Pods_Recordle_RecordleUITests.framework in Frameworks */ = {isa = PBXBuildFile; fileRef = C86F139E98A2425F806932FB /* Pods_Recordle_RecordleUITests.framework */; };
/* End PBXBuildFile section */

/* Begin PBXContainerItemProxy section */
		CBCCA3AF27C94857007B2643 /* PBXContainerItemProxy */ = {
			isa = PBXContainerItemProxy;
			containerPortal = CBCCA39627C94855007B2643 /* Project object */;
			proxyType = 1;
			remoteGlobalIDString = CBCCA39D27C94855007B2643;
			remoteInfo = WordleAggregator;
		};
		CBCCA3B927C94857007B2643 /* PBXContainerItemProxy */ = {
			isa = PBXContainerItemProxy;
			containerPortal = CBCCA39627C94855007B2643 /* Project object */;
			proxyType = 1;
			remoteGlobalIDString = CBCCA39D27C94855007B2643;
			remoteInfo = WordleAggregator;
		};
/* End PBXContainerItemProxy section */

/* Begin PBXFileReference section */
		07F12599D1B09D76D250C5E4 /* Pods-WordleVerse-WordleVerseUITests.debug.xcconfig */ = {isa = PBXFileReference; includeInIndex = 1; lastKnownFileType = text.xcconfig; name = "Pods-WordleVerse-WordleVerseUITests.debug.xcconfig"; path = "Target Support Files/Pods-WordleVerse-WordleVerseUITests/Pods-WordleVerse-WordleVerseUITests.debug.xcconfig"; sourceTree = "<group>"; };
		276EEFBD55440ECEA28F8D84 /* Pods-Recordle-RecordleUITests.release.xcconfig */ = {isa = PBXFileReference; includeInIndex = 1; lastKnownFileType = text.xcconfig; name = "Pods-Recordle-RecordleUITests.release.xcconfig"; path = "Target Support Files/Pods-Recordle-RecordleUITests/Pods-Recordle-RecordleUITests.release.xcconfig"; sourceTree = "<group>"; };
		2AF0A4AB760B1E51E5E6719D /* Pods-Recordle.release.xcconfig */ = {isa = PBXFileReference; includeInIndex = 1; lastKnownFileType = text.xcconfig; name = "Pods-Recordle.release.xcconfig"; path = "Target Support Files/Pods-Recordle/Pods-Recordle.release.xcconfig"; sourceTree = "<group>"; };
		4320B8841F5873343FC34101 /* Pods-Recordle-RecordleUITests.debug.xcconfig */ = {isa = PBXFileReference; includeInIndex = 1; lastKnownFileType = text.xcconfig; name = "Pods-Recordle-RecordleUITests.debug.xcconfig"; path = "Target Support Files/Pods-Recordle-RecordleUITests/Pods-Recordle-RecordleUITests.debug.xcconfig"; sourceTree = "<group>"; };
		50A110AD8164D993961403A8 /* Pods-Recordle.debug.xcconfig */ = {isa = PBXFileReference; includeInIndex = 1; lastKnownFileType = text.xcconfig; name = "Pods-Recordle.debug.xcconfig"; path = "Target Support Files/Pods-Recordle/Pods-Recordle.debug.xcconfig"; sourceTree = "<group>"; };
		61BE1B8A65B412361138B1D6 /* Pods-WordleVerseTests.debug.xcconfig */ = {isa = PBXFileReference; includeInIndex = 1; lastKnownFileType = text.xcconfig; name = "Pods-WordleVerseTests.debug.xcconfig"; path = "Target Support Files/Pods-WordleVerseTests/Pods-WordleVerseTests.debug.xcconfig"; sourceTree = "<group>"; };
		848453F4D6136DF08F6C9578 /* Pods_Recordle.framework */ = {isa = PBXFileReference; explicitFileType = wrapper.framework; includeInIndex = 0; path = Pods_Recordle.framework; sourceTree = BUILT_PRODUCTS_DIR; };
		8562B73341A010D641ABF33A /* Pods-WordleVerse.release.xcconfig */ = {isa = PBXFileReference; includeInIndex = 1; lastKnownFileType = text.xcconfig; name = "Pods-WordleVerse.release.xcconfig"; path = "Target Support Files/Pods-WordleVerse/Pods-WordleVerse.release.xcconfig"; sourceTree = "<group>"; };
		934B4EF760566C480CCD9B3C /* Pods-WordleVerse.debug.xcconfig */ = {isa = PBXFileReference; includeInIndex = 1; lastKnownFileType = text.xcconfig; name = "Pods-WordleVerse.debug.xcconfig"; path = "Target Support Files/Pods-WordleVerse/Pods-WordleVerse.debug.xcconfig"; sourceTree = "<group>"; };
		937B28F55F7BAE76EC295BC3 /* Pods_RecordleTests.framework */ = {isa = PBXFileReference; explicitFileType = wrapper.framework; includeInIndex = 0; path = Pods_RecordleTests.framework; sourceTree = BUILT_PRODUCTS_DIR; };
		97D1192EEB87B3D61F038082 /* Pods-RecordleTests.debug.xcconfig */ = {isa = PBXFileReference; includeInIndex = 1; lastKnownFileType = text.xcconfig; name = "Pods-RecordleTests.debug.xcconfig"; path = "Target Support Files/Pods-RecordleTests/Pods-RecordleTests.debug.xcconfig"; sourceTree = "<group>"; };
		B39FDC01DB7A9996F6D098E5 /* Pods-RecordleTests.release.xcconfig */ = {isa = PBXFileReference; includeInIndex = 1; lastKnownFileType = text.xcconfig; name = "Pods-RecordleTests.release.xcconfig"; path = "Target Support Files/Pods-RecordleTests/Pods-RecordleTests.release.xcconfig"; sourceTree = "<group>"; };
		C55A91B6A5268D92DC3AF1FA /* Pods-WordleVerseTests.release.xcconfig */ = {isa = PBXFileReference; includeInIndex = 1; lastKnownFileType = text.xcconfig; name = "Pods-WordleVerseTests.release.xcconfig"; path = "Target Support Files/Pods-WordleVerseTests/Pods-WordleVerseTests.release.xcconfig"; sourceTree = "<group>"; };
		C86F139E98A2425F806932FB /* Pods_Recordle_RecordleUITests.framework */ = {isa = PBXFileReference; explicitFileType = wrapper.framework; includeInIndex = 0; path = Pods_Recordle_RecordleUITests.framework; sourceTree = BUILT_PRODUCTS_DIR; };
		CB073BD827CBE1750016F04F /* GameRowViewModel.swift */ = {isa = PBXFileReference; fileEncoding = 4; lastKnownFileType = sourcecode.swift; path = GameRowViewModel.swift; sourceTree = "<group>"; };
		CB0F311127F9DD1D00A66B00 /* TestData.swift */ = {isa = PBXFileReference; lastKnownFileType = sourcecode.swift; path = TestData.swift; sourceTree = "<group>"; };
		CB0F311327F9DD4200A66B00 /* TestScores.swift */ = {isa = PBXFileReference; lastKnownFileType = sourcecode.swift; path = TestScores.swift; sourceTree = "<group>"; };
		CB18720527E1820000BC81C4 /* TextFieldLimitModifier.swift */ = {isa = PBXFileReference; lastKnownFileType = sourcecode.swift; path = TextFieldLimitModifier.swift; sourceTree = "<group>"; };
		CB18720827E199E600BC81C4 /* Score.swift */ = {isa = PBXFileReference; lastKnownFileType = sourcecode.swift; path = Score.swift; sourceTree = "<group>"; };
		CB30E89F282AFCA0007F9892 /* RecordleUITests.swift */ = {isa = PBXFileReference; fileEncoding = 4; lastKnownFileType = sourcecode.swift; path = RecordleUITests.swift; sourceTree = "<group>"; };
		CB30E8A0282AFCA0007F9892 /* RecordleUITestsLaunchTests.swift */ = {isa = PBXFileReference; fileEncoding = 4; lastKnownFileType = sourcecode.swift; path = RecordleUITestsLaunchTests.swift; sourceTree = "<group>"; };
		CB349226282AF83A008E6B11 /* Recordle.xcdatamodel */ = {isa = PBXFileReference; lastKnownFileType = wrapper.xcdatamodel; path = Recordle.xcdatamodel; sourceTree = "<group>"; };
		CB360BBA280320EA00F430DD /* GoogleService-Info.plist */ = {isa = PBXFileReference; fileEncoding = 4; lastKnownFileType = text.plist.xml; path = "GoogleService-Info.plist"; sourceTree = "<group>"; };
		CB4A3B3E27E97C5400DB32A4 /* WordleParser.swift */ = {isa = PBXFileReference; lastKnownFileType = sourcecode.swift; path = WordleParser.swift; sourceTree = "<group>"; };
		CB4A3B4027E97D2600DB32A4 /* WordleParserTests.swift */ = {isa = PBXFileReference; lastKnownFileType = sourcecode.swift; path = WordleParserTests.swift; sourceTree = "<group>"; };
		CB4A3B4327E980A800DB32A4 /* String+WordleParserInput.swift */ = {isa = PBXFileReference; lastKnownFileType = sourcecode.swift; path = "String+WordleParserInput.swift"; sourceTree = "<group>"; };
		CB4A3B4527E99EF700DB32A4 /* WordleResultInputField.swift */ = {isa = PBXFileReference; lastKnownFileType = sourcecode.swift; path = WordleResultInputField.swift; sourceTree = "<group>"; };
		CB4A51CD27DAE6BE00AB5F0D /* String+Subscript.swift */ = {isa = PBXFileReference; lastKnownFileType = sourcecode.swift; path = "String+Subscript.swift"; sourceTree = "<group>"; };
		CB58F48E27D589F100914CE5 /* GameSelectionView.swift */ = {isa = PBXFileReference; lastKnownFileType = sourcecode.swift; path = GameSelectionView.swift; sourceTree = "<group>"; };
		CB58F49227D5C51B00914CE5 /* ScoreSubmissionView.swift */ = {isa = PBXFileReference; lastKnownFileType = sourcecode.swift; path = ScoreSubmissionView.swift; sourceTree = "<group>"; };
		CB69FB7327C987C10080E6D0 /* GameRow.swift */ = {isa = PBXFileReference; lastKnownFileType = sourcecode.swift; path = GameRow.swift; sourceTree = "<group>"; };
		CB69FB7927C9910A0080E6D0 /* Game.swift */ = {isa = PBXFileReference; lastKnownFileType = sourcecode.swift; path = Game.swift; sourceTree = "<group>"; };
		CB74180827D5D30700FC7CDD /* WordleInputField.swift */ = {isa = PBXFileReference; lastKnownFileType = sourcecode.swift; path = WordleInputField.swift; sourceTree = "<group>"; };
		CB7733B327F8C0C000DB9D9F /* TestError.swift */ = {isa = PBXFileReference; lastKnownFileType = sourcecode.swift; path = TestError.swift; sourceTree = "<group>"; };
		CB7733B627F8F3B800DB9D9F /* EnvironmentValues+Routing.swift */ = {isa = PBXFileReference; lastKnownFileType = sourcecode.swift; path = "EnvironmentValues+Routing.swift"; sourceTree = "<group>"; };
		CB7733B827F900BB00DB9D9F /* HomeScreenRow.swift */ = {isa = PBXFileReference; lastKnownFileType = sourcecode.swift; path = HomeScreenRow.swift; sourceTree = "<group>"; };
		CB7733BC27F911B400DB9D9F /* HistoryRow.swift */ = {isa = PBXFileReference; lastKnownFileType = sourcecode.swift; path = HistoryRow.swift; sourceTree = "<group>"; };
		CB7733BE27F9197B00DB9D9F /* Date+Formatting.swift */ = {isa = PBXFileReference; lastKnownFileType = sourcecode.swift; path = "Date+Formatting.swift"; sourceTree = "<group>"; };
		CB78262327F6C39600D114D8 /* InnerShadowModifier.swift */ = {isa = PBXFileReference; lastKnownFileType = sourcecode.swift; path = InnerShadowModifier.swift; sourceTree = "<group>"; };
		CB78262527F6D3C900D114D8 /* ParseResult.swift */ = {isa = PBXFileReference; lastKnownFileType = sourcecode.swift; path = ParseResult.swift; sourceTree = "<group>"; };
		CB7CA0E72803310D009CCF5C /* FirebaseManager.swift */ = {isa = PBXFileReference; lastKnownFileType = sourcecode.swift; path = FirebaseManager.swift; sourceTree = "<group>"; };
		CB7CA0E928033227009CCF5C /* Screen.swift */ = {isa = PBXFileReference; lastKnownFileType = sourcecode.swift; path = Screen.swift; sourceTree = "<group>"; };
		CB7CA0EB28034311009CCF5C /* Event.swift */ = {isa = PBXFileReference; lastKnownFileType = sourcecode.swift; path = Event.swift; sourceTree = "<group>"; };
		CB7CA0ED28034EAF009CCF5C /* AnalyticsLoggable.swift */ = {isa = PBXFileReference; lastKnownFileType = sourcecode.swift; path = AnalyticsLoggable.swift; sourceTree = "<group>"; };
		CB7CA0EF28034FC5009CCF5C /* AnalyticsManager.swift */ = {isa = PBXFileReference; lastKnownFileType = sourcecode.swift; path = AnalyticsManager.swift; sourceTree = "<group>"; };
		CB89B5A727E03AE700FB4650 /* Background.swift */ = {isa = PBXFileReference; lastKnownFileType = sourcecode.swift; path = Background.swift; sourceTree = "<group>"; };
		CB90129E280316EE002F6B8D /* en.xcloc */ = {isa = PBXFileReference; lastKnownFileType = wrapper; path = en.xcloc; sourceTree = "<group>"; };
		CB9012A02803189A002F6B8D /* GameWebView.swift */ = {isa = PBXFileReference; fileEncoding = 4; lastKnownFileType = sourcecode.swift; path = GameWebView.swift; sourceTree = "<group>"; };
		CBAE44ED27D53F6900F60C04 /* DataController.swift */ = {isa = PBXFileReference; lastKnownFileType = sourcecode.swift; path = DataController.swift; sourceTree = "<group>"; };
		CBAE44F027D5581700F60C04 /* ScoreHistoryView.swift */ = {isa = PBXFileReference; lastKnownFileType = sourcecode.swift; path = ScoreHistoryView.swift; sourceTree = "<group>"; };
		CBAF7BA62805317C00F67996 /* Podfile */ = {isa = PBXFileReference; fileEncoding = 4; lastKnownFileType = text; path = Podfile; sourceTree = "<group>"; };
		CBB52B7327FBE24A00B0180A /* ScoreHistoryViewModel.swift */ = {isa = PBXFileReference; lastKnownFileType = sourcecode.swift; path = ScoreHistoryViewModel.swift; sourceTree = "<group>"; };
		CBB52B75280206E900B0180A /* WebView.swift */ = {isa = PBXFileReference; lastKnownFileType = sourcecode.swift; path = WebView.swift; sourceTree = "<group>"; };
		CBCCA39E27C94855007B2643 /* Recordle.app */ = {isa = PBXFileReference; explicitFileType = wrapper.application; includeInIndex = 0; path = Recordle.app; sourceTree = BUILT_PRODUCTS_DIR; };
		CBCCA3A127C94855007B2643 /* RecordleApp.swift */ = {isa = PBXFileReference; lastKnownFileType = sourcecode.swift; path = RecordleApp.swift; sourceTree = "<group>"; };
		CBCCA3A327C94855007B2643 /* HomeScreenView.swift */ = {isa = PBXFileReference; lastKnownFileType = sourcecode.swift; path = HomeScreenView.swift; sourceTree = "<group>"; };
		CBCCA3A527C94856007B2643 /* Assets.xcassets */ = {isa = PBXFileReference; lastKnownFileType = folder.assetcatalog; path = Assets.xcassets; sourceTree = "<group>"; };
		CBCCA3A827C94856007B2643 /* Preview Assets.xcassets */ = {isa = PBXFileReference; lastKnownFileType = folder.assetcatalog; path = "Preview Assets.xcassets"; sourceTree = "<group>"; };
		CBCCA3AE27C94857007B2643 /* RecordleTests.xctest */ = {isa = PBXFileReference; explicitFileType = wrapper.cfbundle; includeInIndex = 0; path = RecordleTests.xctest; sourceTree = BUILT_PRODUCTS_DIR; };
		CBCCA3B227C94857007B2643 /* RecordleTests.swift */ = {isa = PBXFileReference; lastKnownFileType = sourcecode.swift; path = RecordleTests.swift; sourceTree = "<group>"; };
		CBCCA3B827C94857007B2643 /* RecordleUITests.xctest */ = {isa = PBXFileReference; explicitFileType = wrapper.cfbundle; includeInIndex = 0; path = RecordleUITests.xctest; sourceTree = BUILT_PRODUCTS_DIR; };
		CBD2FE5E27D2B59200631C26 /* Color+Saved.swift */ = {isa = PBXFileReference; lastKnownFileType = sourcecode.swift; path = "Color+Saved.swift"; sourceTree = "<group>"; };
		CBED677427F6B82100D106C0 /* PasteResultsView.swift */ = {isa = PBXFileReference; lastKnownFileType = sourcecode.swift; path = PasteResultsView.swift; sourceTree = "<group>"; };
		CBED677627F6C0DE00D106C0 /* String+Optional.swift */ = {isa = PBXFileReference; lastKnownFileType = sourcecode.swift; path = "String+Optional.swift"; sourceTree = "<group>"; };
		CBEDBA4A27D332450007C16D /* Colors.xcassets */ = {isa = PBXFileReference; lastKnownFileType = folder.assetcatalog; path = Colors.xcassets; sourceTree = "<group>"; };
		CBEDBA5127D343430007C16D /* FlexibleButton.swift */ = {isa = PBXFileReference; lastKnownFileType = sourcecode.swift; path = FlexibleButton.swift; sourceTree = "<group>"; };
		CBEDBA5327D356240007C16D /* Info.plist */ = {isa = PBXFileReference; lastKnownFileType = text.plist; path = Info.plist; sourceTree = "<group>"; };
		FBA2F329079E89F1F852B655 /* Pods-WordleVerse-WordleVerseUITests.release.xcconfig */ = {isa = PBXFileReference; includeInIndex = 1; lastKnownFileType = text.xcconfig; name = "Pods-WordleVerse-WordleVerseUITests.release.xcconfig"; path = "Target Support Files/Pods-WordleVerse-WordleVerseUITests/Pods-WordleVerse-WordleVerseUITests.release.xcconfig"; sourceTree = "<group>"; };
/* End PBXFileReference section */

/* Begin PBXFrameworksBuildPhase section */
		CBCCA39B27C94855007B2643 /* Frameworks */ = {
			isa = PBXFrameworksBuildPhase;
			buildActionMask = 2147483647;
			files = (
				4F59A72DD62EAE2F66CD99A1 /* Pods_Recordle.framework in Frameworks */,
			);
			runOnlyForDeploymentPostprocessing = 0;
		};
		CBCCA3AB27C94857007B2643 /* Frameworks */ = {
			isa = PBXFrameworksBuildPhase;
			buildActionMask = 2147483647;
			files = (
				ADAD3712FB281B76464D3A44 /* Pods_RecordleTests.framework in Frameworks */,
			);
			runOnlyForDeploymentPostprocessing = 0;
		};
		CBCCA3B527C94857007B2643 /* Frameworks */ = {
			isa = PBXFrameworksBuildPhase;
			buildActionMask = 2147483647;
			files = (
				E939277A2E06FEEF4B251977 /* Pods_Recordle_RecordleUITests.framework in Frameworks */,
			);
			runOnlyForDeploymentPostprocessing = 0;
		};
/* End PBXFrameworksBuildPhase section */

/* Begin PBXGroup section */
		0BDE3B7928D5B4126AF1D715 /* Pods */ = {
			isa = PBXGroup;
			children = (
				934B4EF760566C480CCD9B3C /* Pods-WordleVerse.debug.xcconfig */,
				8562B73341A010D641ABF33A /* Pods-WordleVerse.release.xcconfig */,
				07F12599D1B09D76D250C5E4 /* Pods-WordleVerse-WordleVerseUITests.debug.xcconfig */,
				FBA2F329079E89F1F852B655 /* Pods-WordleVerse-WordleVerseUITests.release.xcconfig */,
				61BE1B8A65B412361138B1D6 /* Pods-WordleVerseTests.debug.xcconfig */,
				C55A91B6A5268D92DC3AF1FA /* Pods-WordleVerseTests.release.xcconfig */,
				50A110AD8164D993961403A8 /* Pods-Recordle.debug.xcconfig */,
				2AF0A4AB760B1E51E5E6719D /* Pods-Recordle.release.xcconfig */,
				4320B8841F5873343FC34101 /* Pods-Recordle-RecordleUITests.debug.xcconfig */,
				276EEFBD55440ECEA28F8D84 /* Pods-Recordle-RecordleUITests.release.xcconfig */,
				97D1192EEB87B3D61F038082 /* Pods-RecordleTests.debug.xcconfig */,
				B39FDC01DB7A9996F6D098E5 /* Pods-RecordleTests.release.xcconfig */,
			);
			path = Pods;
			sourceTree = "<group>";
		};
		4C61A8B3B5D21C14BF641751 /* Frameworks */ = {
			isa = PBXGroup;
			children = (
				848453F4D6136DF08F6C9578 /* Pods_Recordle.framework */,
				C86F139E98A2425F806932FB /* Pods_Recordle_RecordleUITests.framework */,
				937B28F55F7BAE76EC295BC3 /* Pods_RecordleTests.framework */,
			);
			name = Frameworks;
			sourceTree = "<group>";
		};
		CB0F311027F9DD1500A66B00 /* Test */ = {
			isa = PBXGroup;
			children = (
				CB0F311127F9DD1D00A66B00 /* TestData.swift */,
				CB0F311327F9DD4200A66B00 /* TestScores.swift */,
			);
			path = Test;
			sourceTree = "<group>";
		};
		CB18720427E181EE00BC81C4 /* Modifiers */ = {
			isa = PBXGroup;
			children = (
				CB7733B827F900BB00DB9D9F /* HomeScreenRow.swift */,
				CB78262327F6C39600D114D8 /* InnerShadowModifier.swift */,
				CB18720527E1820000BC81C4 /* TextFieldLimitModifier.swift */,
			);
			path = Modifiers;
			sourceTree = "<group>";
		};
		CB18720727E1905800BC81C4 /* Resources */ = {
			isa = PBXGroup;
			children = (
				CB90129D280316EE002F6B8D /* WordleVerse Localizations */,
				CBCCA3A527C94856007B2643 /* Assets.xcassets */,
				CBEDBA4A27D332450007C16D /* Colors.xcassets */,
			);
			path = Resources;
			sourceTree = "<group>";
		};
		CB30E89E282AFCA0007F9892 /* RecordleUITests */ = {
			isa = PBXGroup;
			children = (
				CB30E89F282AFCA0007F9892 /* RecordleUITests.swift */,
				CB30E8A0282AFCA0007F9892 /* RecordleUITestsLaunchTests.swift */,
			);
			path = RecordleUITests;
			sourceTree = "<group>";
		};
		CB4A3B3D27E97C4200DB32A4 /* Utility */ = {
			isa = PBXGroup;
			children = (
				CB4A3B3E27E97C5400DB32A4 /* WordleParser.swift */,
			);
			path = Utility;
			sourceTree = "<group>";
		};
		CB4A3B4227E9805C00DB32A4 /* Test Data */ = {
			isa = PBXGroup;
			children = (
			);
			path = "Test Data";
			sourceTree = "<group>";
		};
		CB4A51CA27DAE68700AB5F0D /* Extensions */ = {
			isa = PBXGroup;
			children = (
				CB7733B627F8F3B800DB9D9F /* EnvironmentValues+Routing.swift */,
				CBED677627F6C0DE00D106C0 /* String+Optional.swift */,
				CB4A51CD27DAE6BE00AB5F0D /* String+Subscript.swift */,
				CB4A3B4327E980A800DB32A4 /* String+WordleParserInput.swift */,
				CB7733BE27F9197B00DB9D9F /* Date+Formatting.swift */,
			);
			path = Extensions;
			sourceTree = "<group>";
		};
		CB58F49027D5910B00914CE5 /* Components */ = {
			isa = PBXGroup;
			children = (
				CB89B5A727E03AE700FB4650 /* Background.swift */,
				CB69FB7327C987C10080E6D0 /* GameRow.swift */,
				CB7733BC27F911B400DB9D9F /* HistoryRow.swift */,
				CBB52B75280206E900B0180A /* WebView.swift */,
				CB74180827D5D30700FC7CDD /* WordleInputField.swift */,
				CB4A3B4527E99EF700DB32A4 /* WordleResultInputField.swift */,
			);
			path = Components;
			sourceTree = "<group>";
		};
		CB58F49127D5911A00914CE5 /* Colors */ = {
			isa = PBXGroup;
			children = (
				CBD2FE5E27D2B59200631C26 /* Color+Saved.swift */,
			);
			path = Colors;
			sourceTree = "<group>";
		};
		CB69FB7127C94A120080E6D0 /* Source */ = {
			isa = PBXGroup;
			children = (
				CBCCA3A127C94855007B2643 /* RecordleApp.swift */,
				CB7CA0E628032FBC009CCF5C /* Analytics */,
				CBAE44EC27D53F5900F60C04 /* Data */,
				CB7733B227F8C0A900DB9D9F /* Error */,
				CB4A51CA27DAE68700AB5F0D /* Extensions */,
				CB69FB7827C990FB0080E6D0 /* Models */,
				CB4A3B3D27E97C4200DB32A4 /* Utility */,
				CB69FB7227C97F510080E6D0 /* Views */,
				CB69FB7727C98EA00080E6D0 /* View-Models */,
			);
			path = Source;
			sourceTree = "<group>";
		};
		CB69FB7227C97F510080E6D0 /* Views */ = {
			isa = PBXGroup;
			children = (
				CB18720427E181EE00BC81C4 /* Modifiers */,
				CBEDBA4F27D343300007C16D /* Buttons */,
				CB58F49127D5911A00914CE5 /* Colors */,
				CB58F49027D5910B00914CE5 /* Components */,
				CBAE44EF27D5580000F60C04 /* Screens */,
			);
			path = Views;
			sourceTree = "<group>";
		};
		CB69FB7727C98EA00080E6D0 /* View-Models */ = {
			isa = PBXGroup;
			children = (
				CB69FB7927C9910A0080E6D0 /* Game.swift */,
				CB073BD827CBE1750016F04F /* GameRowViewModel.swift */,
				CBB52B7327FBE24A00B0180A /* ScoreHistoryViewModel.swift */,
			);
			path = "View-Models";
			sourceTree = "<group>";
		};
		CB69FB7827C990FB0080E6D0 /* Models */ = {
			isa = PBXGroup;
			children = (
				CB78262527F6D3C900D114D8 /* ParseResult.swift */,
				CB18720827E199E600BC81C4 /* Score.swift */,
			);
			path = Models;
			sourceTree = "<group>";
		};
		CB7733B227F8C0A900DB9D9F /* Error */ = {
			isa = PBXGroup;
			children = (
				CB7733B327F8C0C000DB9D9F /* TestError.swift */,
			);
			path = Error;
			sourceTree = "<group>";
		};
		CB7CA0E628032FBC009CCF5C /* Analytics */ = {
			isa = PBXGroup;
			children = (
				CB7CA0ED28034EAF009CCF5C /* AnalyticsLoggable.swift */,
				CB7CA0EF28034FC5009CCF5C /* AnalyticsManager.swift */,
				CB7CA0E72803310D009CCF5C /* FirebaseManager.swift */,
				CB7CA0E928033227009CCF5C /* Screen.swift */,
				CB7CA0EB28034311009CCF5C /* Event.swift */,
			);
			path = Analytics;
			sourceTree = "<group>";
		};
		CB90129D280316EE002F6B8D /* WordleVerse Localizations */ = {
			isa = PBXGroup;
			children = (
				CB90129E280316EE002F6B8D /* en.xcloc */,
			);
			path = "WordleVerse Localizations";
			sourceTree = "<group>";
		};
		CBAE44EC27D53F5900F60C04 /* Data */ = {
			isa = PBXGroup;
			children = (
				CB0F311027F9DD1500A66B00 /* Test */,
				CBAE44ED27D53F6900F60C04 /* DataController.swift */,
			);
			path = Data;
			sourceTree = "<group>";
		};
		CBAE44EF27D5580000F60C04 /* Screens */ = {
			isa = PBXGroup;
			children = (
				CB58F48E27D589F100914CE5 /* GameSelectionView.swift */,
				CB9012A02803189A002F6B8D /* GameWebView.swift */,
				CBCCA3A327C94855007B2643 /* HomeScreenView.swift */,
				CBED677427F6B82100D106C0 /* PasteResultsView.swift */,
				CBAE44F027D5581700F60C04 /* ScoreHistoryView.swift */,
				CB58F49227D5C51B00914CE5 /* ScoreSubmissionView.swift */,
			);
			path = Screens;
			sourceTree = "<group>";
		};
		CBCCA39527C94855007B2643 = {
			isa = PBXGroup;
			children = (
				CBAF7BA62805317C00F67996 /* Podfile */,
				CBCCA3A027C94855007B2643 /* Recordle */,
				CBCCA3B127C94857007B2643 /* RecordleTests */,
				CB30E89E282AFCA0007F9892 /* RecordleUITests */,
				CBCCA39F27C94855007B2643 /* Products */,
				0BDE3B7928D5B4126AF1D715 /* Pods */,
				4C61A8B3B5D21C14BF641751 /* Frameworks */,
			);
			sourceTree = "<group>";
		};
		CBCCA39F27C94855007B2643 /* Products */ = {
			isa = PBXGroup;
			children = (
				CBCCA39E27C94855007B2643 /* Recordle.app */,
				CBCCA3AE27C94857007B2643 /* RecordleTests.xctest */,
				CBCCA3B827C94857007B2643 /* RecordleUITests.xctest */,
			);
			name = Products;
			sourceTree = "<group>";
		};
		CBCCA3A027C94855007B2643 /* Recordle */ = {
			isa = PBXGroup;
			children = (
				CB360BBA280320EA00F430DD /* GoogleService-Info.plist */,
				CBEDBA5327D356240007C16D /* Info.plist */,
				CB349225282AF83A008E6B11 /* WordleVerse.xcdatamodeld */,
				CB69FB7127C94A120080E6D0 /* Source */,
				CB18720727E1905800BC81C4 /* Resources */,
				CBCCA3A727C94856007B2643 /* Preview Content */,
			);
			path = Recordle;
			sourceTree = "<group>";
		};
		CBCCA3A727C94856007B2643 /* Preview Content */ = {
			isa = PBXGroup;
			children = (
				CBCCA3A827C94856007B2643 /* Preview Assets.xcassets */,
			);
			path = "Preview Content";
			sourceTree = "<group>";
		};
		CBCCA3B127C94857007B2643 /* RecordleTests */ = {
			isa = PBXGroup;
			children = (
				CB4A3B4227E9805C00DB32A4 /* Test Data */,
				CBCCA3B227C94857007B2643 /* RecordleTests.swift */,
				CB4A3B4027E97D2600DB32A4 /* WordleParserTests.swift */,
			);
			path = RecordleTests;
			sourceTree = "<group>";
		};
		CBEDBA4F27D343300007C16D /* Buttons */ = {
			isa = PBXGroup;
			children = (
				CBEDBA5027D343390007C16D /* Styles */,
			);
			path = Buttons;
			sourceTree = "<group>";
		};
		CBEDBA5027D343390007C16D /* Styles */ = {
			isa = PBXGroup;
			children = (
				CBEDBA5127D343430007C16D /* FlexibleButton.swift */,
			);
			path = Styles;
			sourceTree = "<group>";
		};
/* End PBXGroup section */

/* Begin PBXNativeTarget section */
		CBCCA39D27C94855007B2643 /* Recordle */ = {
			isa = PBXNativeTarget;
			buildConfigurationList = CBCCA3C227C94857007B2643 /* Build configuration list for PBXNativeTarget "Recordle" */;
			buildPhases = (
				BCC1A6936BBCEE1BA4038607 /* [CP] Check Pods Manifest.lock */,
				CBCCA39A27C94855007B2643 /* Sources */,
				CBCCA39B27C94855007B2643 /* Frameworks */,
				CBCCA39C27C94855007B2643 /* Resources */,
				12A81CA3BA853A05175B46BE /* [CP] Embed Pods Frameworks */,
				CB7CA0E52803243C009CCF5C /* Run Script - Upload Debug Symbols to Crashlytics */,
			);
			buildRules = (
			);
			dependencies = (
			);
			name = Recordle;
			productName = WordleAggregator;
			productReference = CBCCA39E27C94855007B2643 /* Recordle.app */;
			productType = "com.apple.product-type.application";
		};
		CBCCA3AD27C94857007B2643 /* RecordleTests */ = {
			isa = PBXNativeTarget;
			buildConfigurationList = CBCCA3C527C94857007B2643 /* Build configuration list for PBXNativeTarget "RecordleTests" */;
			buildPhases = (
				DA48AE19E852F0D96F8D1A10 /* [CP] Check Pods Manifest.lock */,
				CBCCA3AA27C94857007B2643 /* Sources */,
				CBCCA3AB27C94857007B2643 /* Frameworks */,
				CBCCA3AC27C94857007B2643 /* Resources */,
			);
			buildRules = (
			);
			dependencies = (
				CBCCA3B027C94857007B2643 /* PBXTargetDependency */,
			);
			name = RecordleTests;
			productName = WordleAggregatorTests;
			productReference = CBCCA3AE27C94857007B2643 /* RecordleTests.xctest */;
			productType = "com.apple.product-type.bundle.unit-test";
		};
		CBCCA3B727C94857007B2643 /* RecordleUITests */ = {
			isa = PBXNativeTarget;
			buildConfigurationList = CBCCA3C827C94857007B2643 /* Build configuration list for PBXNativeTarget "RecordleUITests" */;
			buildPhases = (
				ACD4AF79A47B446F6CB87D2D /* [CP] Check Pods Manifest.lock */,
				CBCCA3B427C94857007B2643 /* Sources */,
				CBCCA3B527C94857007B2643 /* Frameworks */,
				CBCCA3B627C94857007B2643 /* Resources */,
				B7BF36D89796871520084322 /* [CP] Embed Pods Frameworks */,
			);
			buildRules = (
			);
			dependencies = (
				CBCCA3BA27C94857007B2643 /* PBXTargetDependency */,
			);
			name = RecordleUITests;
			productName = WordleAggregatorUITests;
			productReference = CBCCA3B827C94857007B2643 /* RecordleUITests.xctest */;
			productType = "com.apple.product-type.bundle.ui-testing";
		};
/* End PBXNativeTarget section */

/* Begin PBXProject section */
		CBCCA39627C94855007B2643 /* Project object */ = {
			isa = PBXProject;
			attributes = {
				BuildIndependentTargetsInParallel = 1;
				LastSwiftUpdateCheck = 1300;
				LastUpgradeCheck = 1300;
				TargetAttributes = {
					CBCCA39D27C94855007B2643 = {
						CreatedOnToolsVersion = 13.0;
					};
					CBCCA3AD27C94857007B2643 = {
						CreatedOnToolsVersion = 13.0;
						TestTargetID = CBCCA39D27C94855007B2643;
					};
					CBCCA3B727C94857007B2643 = {
						CreatedOnToolsVersion = 13.0;
						TestTargetID = CBCCA39D27C94855007B2643;
					};
				};
			};
			buildConfigurationList = CBCCA39927C94855007B2643 /* Build configuration list for PBXProject "Recordle" */;
			compatibilityVersion = "Xcode 13.0";
			developmentRegion = en;
			hasScannedForEncodings = 0;
			knownRegions = (
				en,
				Base,
			);
			mainGroup = CBCCA39527C94855007B2643;
			productRefGroup = CBCCA39F27C94855007B2643 /* Products */;
			projectDirPath = "";
			projectRoot = "";
			targets = (
				CBCCA39D27C94855007B2643 /* Recordle */,
				CBCCA3AD27C94857007B2643 /* RecordleTests */,
				CBCCA3B727C94857007B2643 /* RecordleUITests */,
			);
		};
/* End PBXProject section */

/* Begin PBXResourcesBuildPhase section */
		CBCCA39C27C94855007B2643 /* Resources */ = {
			isa = PBXResourcesBuildPhase;
			buildActionMask = 2147483647;
			files = (
				CBAF7BA72805317C00F67996 /* Podfile in Resources */,
				CBEDBA4B27D332450007C16D /* Colors.xcassets in Resources */,
				CBCCA3A927C94856007B2643 /* Preview Assets.xcassets in Resources */,
				CB360BBB280320EA00F430DD /* GoogleService-Info.plist in Resources */,
				CB90129F280316EE002F6B8D /* en.xcloc in Resources */,
				CBCCA3A627C94856007B2643 /* Assets.xcassets in Resources */,
			);
			runOnlyForDeploymentPostprocessing = 0;
		};
		CBCCA3AC27C94857007B2643 /* Resources */ = {
			isa = PBXResourcesBuildPhase;
			buildActionMask = 2147483647;
			files = (
			);
			runOnlyForDeploymentPostprocessing = 0;
		};
		CBCCA3B627C94857007B2643 /* Resources */ = {
			isa = PBXResourcesBuildPhase;
			buildActionMask = 2147483647;
			files = (
			);
			runOnlyForDeploymentPostprocessing = 0;
		};
/* End PBXResourcesBuildPhase section */

/* Begin PBXShellScriptBuildPhase section */
		12A81CA3BA853A05175B46BE /* [CP] Embed Pods Frameworks */ = {
			isa = PBXShellScriptBuildPhase;
			buildActionMask = 2147483647;
			files = (
			);
			inputFileListPaths = (
				"${PODS_ROOT}/Target Support Files/Pods-Recordle/Pods-Recordle-frameworks-${CONFIGURATION}-input-files.xcfilelist",
			);
			name = "[CP] Embed Pods Frameworks";
			outputFileListPaths = (
				"${PODS_ROOT}/Target Support Files/Pods-Recordle/Pods-Recordle-frameworks-${CONFIGURATION}-output-files.xcfilelist",
			);
			runOnlyForDeploymentPostprocessing = 0;
			shellPath = /bin/sh;
			shellScript = "\"${PODS_ROOT}/Target Support Files/Pods-Recordle/Pods-Recordle-frameworks.sh\"\n";
			showEnvVarsInLog = 0;
		};
		ACD4AF79A47B446F6CB87D2D /* [CP] Check Pods Manifest.lock */ = {
			isa = PBXShellScriptBuildPhase;
			buildActionMask = 2147483647;
			files = (
			);
			inputFileListPaths = (
			);
			inputPaths = (
				"${PODS_PODFILE_DIR_PATH}/Podfile.lock",
				"${PODS_ROOT}/Manifest.lock",
			);
			name = "[CP] Check Pods Manifest.lock";
			outputFileListPaths = (
			);
			outputPaths = (
				"$(DERIVED_FILE_DIR)/Pods-Recordle-RecordleUITests-checkManifestLockResult.txt",
			);
			runOnlyForDeploymentPostprocessing = 0;
			shellPath = /bin/sh;
			shellScript = "diff \"${PODS_PODFILE_DIR_PATH}/Podfile.lock\" \"${PODS_ROOT}/Manifest.lock\" > /dev/null\nif [ $? != 0 ] ; then\n    # print error to STDERR\n    echo \"error: The sandbox is not in sync with the Podfile.lock. Run 'pod install' or update your CocoaPods installation.\" >&2\n    exit 1\nfi\n# This output is used by Xcode 'outputs' to avoid re-running this script phase.\necho \"SUCCESS\" > \"${SCRIPT_OUTPUT_FILE_0}\"\n";
			showEnvVarsInLog = 0;
		};
		B7BF36D89796871520084322 /* [CP] Embed Pods Frameworks */ = {
			isa = PBXShellScriptBuildPhase;
			buildActionMask = 2147483647;
			files = (
			);
			inputFileListPaths = (
				"${PODS_ROOT}/Target Support Files/Pods-Recordle-RecordleUITests/Pods-Recordle-RecordleUITests-frameworks-${CONFIGURATION}-input-files.xcfilelist",
			);
			name = "[CP] Embed Pods Frameworks";
			outputFileListPaths = (
				"${PODS_ROOT}/Target Support Files/Pods-Recordle-RecordleUITests/Pods-Recordle-RecordleUITests-frameworks-${CONFIGURATION}-output-files.xcfilelist",
			);
			runOnlyForDeploymentPostprocessing = 0;
			shellPath = /bin/sh;
			shellScript = "\"${PODS_ROOT}/Target Support Files/Pods-Recordle-RecordleUITests/Pods-Recordle-RecordleUITests-frameworks.sh\"\n";
			showEnvVarsInLog = 0;
		};
		BCC1A6936BBCEE1BA4038607 /* [CP] Check Pods Manifest.lock */ = {
			isa = PBXShellScriptBuildPhase;
			buildActionMask = 2147483647;
			files = (
			);
			inputFileListPaths = (
			);
			inputPaths = (
				"${PODS_PODFILE_DIR_PATH}/Podfile.lock",
				"${PODS_ROOT}/Manifest.lock",
			);
			name = "[CP] Check Pods Manifest.lock";
			outputFileListPaths = (
			);
			outputPaths = (
				"$(DERIVED_FILE_DIR)/Pods-Recordle-checkManifestLockResult.txt",
			);
			runOnlyForDeploymentPostprocessing = 0;
			shellPath = /bin/sh;
			shellScript = "diff \"${PODS_PODFILE_DIR_PATH}/Podfile.lock\" \"${PODS_ROOT}/Manifest.lock\" > /dev/null\nif [ $? != 0 ] ; then\n    # print error to STDERR\n    echo \"error: The sandbox is not in sync with the Podfile.lock. Run 'pod install' or update your CocoaPods installation.\" >&2\n    exit 1\nfi\n# This output is used by Xcode 'outputs' to avoid re-running this script phase.\necho \"SUCCESS\" > \"${SCRIPT_OUTPUT_FILE_0}\"\n";
			showEnvVarsInLog = 0;
		};
		CB7CA0E52803243C009CCF5C /* Run Script - Upload Debug Symbols to Crashlytics */ = {
			isa = PBXShellScriptBuildPhase;
			buildActionMask = 2147483647;
			files = (
			);
			inputFileListPaths = (
			);
			inputPaths = (
			);
			name = "Run Script - Upload Debug Symbols to Crashlytics";
			outputFileListPaths = (
			);
			outputPaths = (
			);
			runOnlyForDeploymentPostprocessing = 0;
			shellPath = /bin/sh;
			shellScript = "# Type a script or drag a script file from your workspace to insert its path.\n\"${PODS_ROOT}/FirebaseCrashlytics/run\"\n";
		};
		DA48AE19E852F0D96F8D1A10 /* [CP] Check Pods Manifest.lock */ = {
			isa = PBXShellScriptBuildPhase;
			buildActionMask = 2147483647;
			files = (
			);
			inputFileListPaths = (
			);
			inputPaths = (
				"${PODS_PODFILE_DIR_PATH}/Podfile.lock",
				"${PODS_ROOT}/Manifest.lock",
			);
			name = "[CP] Check Pods Manifest.lock";
			outputFileListPaths = (
			);
			outputPaths = (
				"$(DERIVED_FILE_DIR)/Pods-RecordleTests-checkManifestLockResult.txt",
			);
			runOnlyForDeploymentPostprocessing = 0;
			shellPath = /bin/sh;
			shellScript = "diff \"${PODS_PODFILE_DIR_PATH}/Podfile.lock\" \"${PODS_ROOT}/Manifest.lock\" > /dev/null\nif [ $? != 0 ] ; then\n    # print error to STDERR\n    echo \"error: The sandbox is not in sync with the Podfile.lock. Run 'pod install' or update your CocoaPods installation.\" >&2\n    exit 1\nfi\n# This output is used by Xcode 'outputs' to avoid re-running this script phase.\necho \"SUCCESS\" > \"${SCRIPT_OUTPUT_FILE_0}\"\n";
			showEnvVarsInLog = 0;
		};
/* End PBXShellScriptBuildPhase section */

/* Begin PBXSourcesBuildPhase section */
		CBCCA39A27C94855007B2643 /* Sources */ = {
			isa = PBXSourcesBuildPhase;
			buildActionMask = 2147483647;
			files = (
				CB7CA0EA28033227009CCF5C /* Screen.swift in Sources */,
				CB4A3B4627E99EF700DB32A4 /* WordleResultInputField.swift in Sources */,
				CB18720927E199E600BC81C4 /* Score.swift in Sources */,
				CB349227282AF83A008E6B11 /* WordleVerse.xcdatamodeld in Sources */,
				CBEDBA5227D343430007C16D /* FlexibleButton.swift in Sources */,
				CB18720627E1820000BC81C4 /* TextFieldLimitModifier.swift in Sources */,
				CB7CA0EC28034311009CCF5C /* Event.swift in Sources */,
				CBAE44EE27D53F6900F60C04 /* DataController.swift in Sources */,
				CB0F311227F9DD1D00A66B00 /* TestData.swift in Sources */,
				CB58F48F27D589F100914CE5 /* GameSelectionView.swift in Sources */,
				CB7733BF27F9197B00DB9D9F /* Date+Formatting.swift in Sources */,
				CB7CA0F028034FC5009CCF5C /* AnalyticsManager.swift in Sources */,
				CB7733BD27F911B400DB9D9F /* HistoryRow.swift in Sources */,
				CBB52B76280206E900B0180A /* WebView.swift in Sources */,
				CB7CA0E82803310D009CCF5C /* FirebaseManager.swift in Sources */,
				CBCCA3A427C94855007B2643 /* HomeScreenView.swift in Sources */,
				CB4A3B3F27E97C5400DB32A4 /* WordleParser.swift in Sources */,
				CBD2FE5F27D2B59200631C26 /* Color+Saved.swift in Sources */,
				CBAE44F127D5581700F60C04 /* ScoreHistoryView.swift in Sources */,
				CB74180927D5D30700FC7CDD /* WordleInputField.swift in Sources */,
				CB7CA0EE28034EAF009CCF5C /* AnalyticsLoggable.swift in Sources */,
				CB78262627F6D3C900D114D8 /* ParseResult.swift in Sources */,
				CBB52B7427FBE24A00B0180A /* ScoreHistoryViewModel.swift in Sources */,
				CB073BD927CBE1750016F04F /* GameRowViewModel.swift in Sources */,
				CBED677727F6C0DE00D106C0 /* String+Optional.swift in Sources */,
				CB69FB7A27C9910A0080E6D0 /* Game.swift in Sources */,
				CB7733B927F900BB00DB9D9F /* HomeScreenRow.swift in Sources */,
				CB7733B427F8C0C000DB9D9F /* TestError.swift in Sources */,
				CBCCA3A227C94855007B2643 /* RecordleApp.swift in Sources */,
				CB58F49327D5C51B00914CE5 /* ScoreSubmissionView.swift in Sources */,
				CB78262427F6C39600D114D8 /* InnerShadowModifier.swift in Sources */,
				CB7733B727F8F3B800DB9D9F /* EnvironmentValues+Routing.swift in Sources */,
				CB0F311427F9DD4200A66B00 /* TestScores.swift in Sources */,
				CB4A51CE27DAE6BE00AB5F0D /* String+Subscript.swift in Sources */,
				CB89B5A827E03AE700FB4650 /* Background.swift in Sources */,
				CB78262727F6D9D300D114D8 /* String+WordleParserInput.swift in Sources */,
				CB69FB7427C987C10080E6D0 /* GameRow.swift in Sources */,
				CB9012A12803189A002F6B8D /* GameWebView.swift in Sources */,
				CBED677527F6B82100D106C0 /* PasteResultsView.swift in Sources */,
			);
			runOnlyForDeploymentPostprocessing = 0;
		};
		CBCCA3AA27C94857007B2643 /* Sources */ = {
			isa = PBXSourcesBuildPhase;
			buildActionMask = 2147483647;
			files = (
				CBCCA3B327C94857007B2643 /* RecordleTests.swift in Sources */,
				CB4A3B4127E97D2600DB32A4 /* WordleParserTests.swift in Sources */,
			);
			runOnlyForDeploymentPostprocessing = 0;
		};
		CBCCA3B427C94857007B2643 /* Sources */ = {
			isa = PBXSourcesBuildPhase;
			buildActionMask = 2147483647;
			files = (
				CB59FB572830ABE100887898 /* RecordleUITestsLaunchTests.swift in Sources */,
				CB59FB582830ABEA00887898 /* RecordleUITests.swift in Sources */,
			);
			runOnlyForDeploymentPostprocessing = 0;
		};
/* End PBXSourcesBuildPhase section */

/* Begin PBXTargetDependency section */
		CBCCA3B027C94857007B2643 /* PBXTargetDependency */ = {
			isa = PBXTargetDependency;
			target = CBCCA39D27C94855007B2643 /* Recordle */;
			targetProxy = CBCCA3AF27C94857007B2643 /* PBXContainerItemProxy */;
		};
		CBCCA3BA27C94857007B2643 /* PBXTargetDependency */ = {
			isa = PBXTargetDependency;
			target = CBCCA39D27C94855007B2643 /* Recordle */;
			targetProxy = CBCCA3B927C94857007B2643 /* PBXContainerItemProxy */;
		};
/* End PBXTargetDependency section */

/* Begin XCBuildConfiguration section */
		CBCCA3C027C94857007B2643 /* Debug */ = {
			isa = XCBuildConfiguration;
			buildSettings = {
				ALWAYS_SEARCH_USER_PATHS = NO;
				CLANG_ANALYZER_NONNULL = YES;
				CLANG_ANALYZER_NUMBER_OBJECT_CONVERSION = YES_AGGRESSIVE;
				CLANG_CXX_LANGUAGE_STANDARD = "gnu++17";
				CLANG_CXX_LIBRARY = "libc++";
				CLANG_ENABLE_MODULES = YES;
				CLANG_ENABLE_OBJC_ARC = YES;
				CLANG_ENABLE_OBJC_WEAK = YES;
				CLANG_WARN_BLOCK_CAPTURE_AUTORELEASING = YES;
				CLANG_WARN_BOOL_CONVERSION = YES;
				CLANG_WARN_COMMA = YES;
				CLANG_WARN_CONSTANT_CONVERSION = YES;
				CLANG_WARN_DEPRECATED_OBJC_IMPLEMENTATIONS = YES;
				CLANG_WARN_DIRECT_OBJC_ISA_USAGE = YES_ERROR;
				CLANG_WARN_DOCUMENTATION_COMMENTS = YES;
				CLANG_WARN_EMPTY_BODY = YES;
				CLANG_WARN_ENUM_CONVERSION = YES;
				CLANG_WARN_INFINITE_RECURSION = YES;
				CLANG_WARN_INT_CONVERSION = YES;
				CLANG_WARN_NON_LITERAL_NULL_CONVERSION = YES;
				CLANG_WARN_OBJC_IMPLICIT_RETAIN_SELF = YES;
				CLANG_WARN_OBJC_LITERAL_CONVERSION = YES;
				CLANG_WARN_OBJC_ROOT_CLASS = YES_ERROR;
				CLANG_WARN_QUOTED_INCLUDE_IN_FRAMEWORK_HEADER = YES;
				CLANG_WARN_RANGE_LOOP_ANALYSIS = YES;
				CLANG_WARN_STRICT_PROTOTYPES = YES;
				CLANG_WARN_SUSPICIOUS_MOVE = YES;
				CLANG_WARN_UNGUARDED_AVAILABILITY = YES_AGGRESSIVE;
				CLANG_WARN_UNREACHABLE_CODE = YES;
				CLANG_WARN__DUPLICATE_METHOD_MATCH = YES;
				COPY_PHASE_STRIP = NO;
				DEBUG_INFORMATION_FORMAT = dwarf;
				ENABLE_STRICT_OBJC_MSGSEND = YES;
				ENABLE_TESTABILITY = YES;
				GCC_C_LANGUAGE_STANDARD = gnu11;
				GCC_DYNAMIC_NO_PIC = NO;
				GCC_NO_COMMON_BLOCKS = YES;
				GCC_OPTIMIZATION_LEVEL = 0;
				GCC_PREPROCESSOR_DEFINITIONS = (
					"DEBUG=1",
					"$(inherited)",
				);
				GCC_WARN_64_TO_32_BIT_CONVERSION = YES;
				GCC_WARN_ABOUT_RETURN_TYPE = YES_ERROR;
				GCC_WARN_UNDECLARED_SELECTOR = YES;
				GCC_WARN_UNINITIALIZED_AUTOS = YES_AGGRESSIVE;
				GCC_WARN_UNUSED_FUNCTION = YES;
				GCC_WARN_UNUSED_VARIABLE = YES;
				IPHONEOS_DEPLOYMENT_TARGET = 15.0;
				MTL_ENABLE_DEBUG_INFO = INCLUDE_SOURCE;
				MTL_FAST_MATH = YES;
				ONLY_ACTIVE_ARCH = YES;
				SDKROOT = iphoneos;
				SWIFT_ACTIVE_COMPILATION_CONDITIONS = DEBUG;
				SWIFT_EMIT_LOC_STRINGS = YES;
				SWIFT_OPTIMIZATION_LEVEL = "-Onone";
			};
			name = Debug;
		};
		CBCCA3C127C94857007B2643 /* Release */ = {
			isa = XCBuildConfiguration;
			buildSettings = {
				ALWAYS_SEARCH_USER_PATHS = NO;
				CLANG_ANALYZER_NONNULL = YES;
				CLANG_ANALYZER_NUMBER_OBJECT_CONVERSION = YES_AGGRESSIVE;
				CLANG_CXX_LANGUAGE_STANDARD = "gnu++17";
				CLANG_CXX_LIBRARY = "libc++";
				CLANG_ENABLE_MODULES = YES;
				CLANG_ENABLE_OBJC_ARC = YES;
				CLANG_ENABLE_OBJC_WEAK = YES;
				CLANG_WARN_BLOCK_CAPTURE_AUTORELEASING = YES;
				CLANG_WARN_BOOL_CONVERSION = YES;
				CLANG_WARN_COMMA = YES;
				CLANG_WARN_CONSTANT_CONVERSION = YES;
				CLANG_WARN_DEPRECATED_OBJC_IMPLEMENTATIONS = YES;
				CLANG_WARN_DIRECT_OBJC_ISA_USAGE = YES_ERROR;
				CLANG_WARN_DOCUMENTATION_COMMENTS = YES;
				CLANG_WARN_EMPTY_BODY = YES;
				CLANG_WARN_ENUM_CONVERSION = YES;
				CLANG_WARN_INFINITE_RECURSION = YES;
				CLANG_WARN_INT_CONVERSION = YES;
				CLANG_WARN_NON_LITERAL_NULL_CONVERSION = YES;
				CLANG_WARN_OBJC_IMPLICIT_RETAIN_SELF = YES;
				CLANG_WARN_OBJC_LITERAL_CONVERSION = YES;
				CLANG_WARN_OBJC_ROOT_CLASS = YES_ERROR;
				CLANG_WARN_QUOTED_INCLUDE_IN_FRAMEWORK_HEADER = YES;
				CLANG_WARN_RANGE_LOOP_ANALYSIS = YES;
				CLANG_WARN_STRICT_PROTOTYPES = YES;
				CLANG_WARN_SUSPICIOUS_MOVE = YES;
				CLANG_WARN_UNGUARDED_AVAILABILITY = YES_AGGRESSIVE;
				CLANG_WARN_UNREACHABLE_CODE = YES;
				CLANG_WARN__DUPLICATE_METHOD_MATCH = YES;
				COPY_PHASE_STRIP = NO;
				DEBUG_INFORMATION_FORMAT = "dwarf-with-dsym";
				ENABLE_NS_ASSERTIONS = NO;
				ENABLE_STRICT_OBJC_MSGSEND = YES;
				GCC_C_LANGUAGE_STANDARD = gnu11;
				GCC_NO_COMMON_BLOCKS = YES;
				GCC_WARN_64_TO_32_BIT_CONVERSION = YES;
				GCC_WARN_ABOUT_RETURN_TYPE = YES_ERROR;
				GCC_WARN_UNDECLARED_SELECTOR = YES;
				GCC_WARN_UNINITIALIZED_AUTOS = YES_AGGRESSIVE;
				GCC_WARN_UNUSED_FUNCTION = YES;
				GCC_WARN_UNUSED_VARIABLE = YES;
				IPHONEOS_DEPLOYMENT_TARGET = 15.0;
				MTL_ENABLE_DEBUG_INFO = NO;
				MTL_FAST_MATH = YES;
				SDKROOT = iphoneos;
				SWIFT_COMPILATION_MODE = wholemodule;
				SWIFT_EMIT_LOC_STRINGS = YES;
				SWIFT_OPTIMIZATION_LEVEL = "-O";
				VALIDATE_PRODUCT = YES;
			};
			name = Release;
		};
		CBCCA3C327C94857007B2643 /* Debug */ = {
			isa = XCBuildConfiguration;
			baseConfigurationReference = 50A110AD8164D993961403A8 /* Pods-Recordle.debug.xcconfig */;
			buildSettings = {
				ASSETCATALOG_COMPILER_APPICON_NAME = AppIcon;
				ASSETCATALOG_COMPILER_GLOBAL_ACCENT_COLOR_NAME = AccentColor;
				CODE_SIGN_STYLE = Automatic;
				CURRENT_PROJECT_VERSION = 2;
				DEBUG_INFORMATION_FORMAT = "dwarf-with-dsym";
				DEVELOPMENT_ASSET_PATHS = "\"Recordle/Preview Content\"";
				DEVELOPMENT_TEAM = FB4GZPFLL6;
				ENABLE_PREVIEWS = YES;
				GENERATE_INFOPLIST_FILE = YES;
				INFOPLIST_FILE = Recordle/Info.plist;
				INFOPLIST_KEY_CFBundleDisplayName = Recordle;
				INFOPLIST_KEY_UIApplicationSupportsIndirectInputEvents = YES;
				INFOPLIST_KEY_UISupportedInterfaceOrientations_iPad = "UIInterfaceOrientationPortrait UIInterfaceOrientationPortraitUpsideDown UIInterfaceOrientationLandscapeLeft UIInterfaceOrientationLandscapeRight";
				INFOPLIST_KEY_UISupportedInterfaceOrientations_iPhone = "UIInterfaceOrientationPortrait UIInterfaceOrientationLandscapeLeft UIInterfaceOrientationLandscapeRight";
				IPHONEOS_DEPLOYMENT_TARGET = 15.0;
				LD_RUNPATH_SEARCH_PATHS = (
					"$(inherited)",
					"@executable_path/Frameworks",
				);
				MARKETING_VERSION = 1.0;
				PRODUCT_BUNDLE_IDENTIFIER = com.nathanernestfuller.WordleVerse;
				PRODUCT_NAME = "$(TARGET_NAME)";
				SWIFT_EMIT_LOC_STRINGS = YES;
				SWIFT_VERSION = 5.0;
				TARGETED_DEVICE_FAMILY = "1,2";
			};
			name = Debug;
		};
		CBCCA3C427C94857007B2643 /* Release */ = {
			isa = XCBuildConfiguration;
			baseConfigurationReference = 2AF0A4AB760B1E51E5E6719D /* Pods-Recordle.release.xcconfig */;
			buildSettings = {
				ASSETCATALOG_COMPILER_APPICON_NAME = AppIcon;
				ASSETCATALOG_COMPILER_GLOBAL_ACCENT_COLOR_NAME = AccentColor;
				CODE_SIGN_STYLE = Automatic;
				CURRENT_PROJECT_VERSION = 2;
				DEVELOPMENT_ASSET_PATHS = "\"Recordle/Preview Content\"";
				DEVELOPMENT_TEAM = FB4GZPFLL6;
				ENABLE_PREVIEWS = YES;
				GENERATE_INFOPLIST_FILE = YES;
				INFOPLIST_FILE = Recordle/Info.plist;
				INFOPLIST_KEY_CFBundleDisplayName = Recordle;
				INFOPLIST_KEY_UIApplicationSupportsIndirectInputEvents = YES;
				INFOPLIST_KEY_UISupportedInterfaceOrientations_iPad = "UIInterfaceOrientationPortrait UIInterfaceOrientationPortraitUpsideDown UIInterfaceOrientationLandscapeLeft UIInterfaceOrientationLandscapeRight";
				INFOPLIST_KEY_UISupportedInterfaceOrientations_iPhone = "UIInterfaceOrientationPortrait UIInterfaceOrientationLandscapeLeft UIInterfaceOrientationLandscapeRight";
				IPHONEOS_DEPLOYMENT_TARGET = 15.0;
				LD_RUNPATH_SEARCH_PATHS = (
					"$(inherited)",
					"@executable_path/Frameworks",
				);
				MARKETING_VERSION = 1.0;
				PRODUCT_BUNDLE_IDENTIFIER = com.nathanernestfuller.WordleVerse;
				PRODUCT_NAME = "$(TARGET_NAME)";
				SWIFT_EMIT_LOC_STRINGS = YES;
				SWIFT_VERSION = 5.0;
				TARGETED_DEVICE_FAMILY = "1,2";
			};
			name = Release;
		};
		CBCCA3C627C94857007B2643 /* Debug */ = {
			isa = XCBuildConfiguration;
			baseConfigurationReference = 97D1192EEB87B3D61F038082 /* Pods-RecordleTests.debug.xcconfig */;
			buildSettings = {
				ALWAYS_EMBED_SWIFT_STANDARD_LIBRARIES = YES;
				BUNDLE_LOADER = "$(TEST_HOST)";
				CODE_SIGN_STYLE = Automatic;
				CURRENT_PROJECT_VERSION = 1;
				DEVELOPMENT_TEAM = FB4GZPFLL6;
				GENERATE_INFOPLIST_FILE = YES;
				IPHONEOS_DEPLOYMENT_TARGET = 15.0;
				LD_RUNPATH_SEARCH_PATHS = (
					"$(inherited)",
					"@executable_path/Frameworks",
					"@loader_path/Frameworks",
				);
				MARKETING_VERSION = 1.0;
				PRODUCT_BUNDLE_IDENTIFIER = com.nathanernestfuller.WordleVerseTests;
				PRODUCT_NAME = "$(TARGET_NAME)";
				SWIFT_EMIT_LOC_STRINGS = NO;
				SWIFT_VERSION = 5.0;
				TARGETED_DEVICE_FAMILY = "1,2";
				TEST_HOST = "$(BUILT_PRODUCTS_DIR)/Recordle.app/Recordle";
			};
			name = Debug;
		};
		CBCCA3C727C94857007B2643 /* Release */ = {
			isa = XCBuildConfiguration;
			baseConfigurationReference = B39FDC01DB7A9996F6D098E5 /* Pods-RecordleTests.release.xcconfig */;
			buildSettings = {
				ALWAYS_EMBED_SWIFT_STANDARD_LIBRARIES = YES;
				BUNDLE_LOADER = "$(TEST_HOST)";
				CODE_SIGN_STYLE = Automatic;
				CURRENT_PROJECT_VERSION = 1;
				DEVELOPMENT_TEAM = FB4GZPFLL6;
				GENERATE_INFOPLIST_FILE = YES;
				IPHONEOS_DEPLOYMENT_TARGET = 15.0;
				LD_RUNPATH_SEARCH_PATHS = (
					"$(inherited)",
					"@executable_path/Frameworks",
					"@loader_path/Frameworks",
				);
				MARKETING_VERSION = 1.0;
				PRODUCT_BUNDLE_IDENTIFIER = com.nathanernestfuller.WordleVerseTests;
				PRODUCT_NAME = "$(TARGET_NAME)";
				SWIFT_EMIT_LOC_STRINGS = NO;
				SWIFT_VERSION = 5.0;
				TARGETED_DEVICE_FAMILY = "1,2";
				TEST_HOST = "$(BUILT_PRODUCTS_DIR)/Recordle.app/Recordle";
			};
			name = Release;
		};
		CBCCA3C927C94857007B2643 /* Debug */ = {
			isa = XCBuildConfiguration;
			baseConfigurationReference = 4320B8841F5873343FC34101 /* Pods-Recordle-RecordleUITests.debug.xcconfig */;
			buildSettings = {
				ALWAYS_EMBED_SWIFT_STANDARD_LIBRARIES = YES;
				CODE_SIGN_STYLE = Automatic;
				CURRENT_PROJECT_VERSION = 1;
				DEVELOPMENT_TEAM = FB4GZPFLL6;
				GENERATE_INFOPLIST_FILE = YES;
				LD_RUNPATH_SEARCH_PATHS = (
					"$(inherited)",
					"@executable_path/Frameworks",
					"@loader_path/Frameworks",
				);
				MARKETING_VERSION = 1.0;
				PRODUCT_BUNDLE_IDENTIFIER = com.nathanernestfuller.WordleVerseUITests;
				PRODUCT_NAME = "$(TARGET_NAME)";
				PROVISIONING_PROFILE = "";
				SWIFT_EMIT_LOC_STRINGS = NO;
				SWIFT_VERSION = 5.0;
				TARGETED_DEVICE_FAMILY = "1,2";
				TEST_TARGET_NAME = Recordle;
			};
			name = Debug;
		};
		CBCCA3CA27C94857007B2643 /* Release */ = {
			isa = XCBuildConfiguration;
			baseConfigurationReference = 276EEFBD55440ECEA28F8D84 /* Pods-Recordle-RecordleUITests.release.xcconfig */;
			buildSettings = {
				ALWAYS_EMBED_SWIFT_STANDARD_LIBRARIES = YES;
				CODE_SIGN_STYLE = Automatic;
				CURRENT_PROJECT_VERSION = 1;
				DEVELOPMENT_TEAM = FB4GZPFLL6;
				GENERATE_INFOPLIST_FILE = YES;
				LD_RUNPATH_SEARCH_PATHS = (
					"$(inherited)",
					"@executable_path/Frameworks",
					"@loader_path/Frameworks",
				);
				MARKETING_VERSION = 1.0;
				PRODUCT_BUNDLE_IDENTIFIER = com.nathanernestfuller.WordleVerseUITests;
				PRODUCT_NAME = "$(TARGET_NAME)";
				PROVISIONING_PROFILE = "";
				SWIFT_EMIT_LOC_STRINGS = NO;
				SWIFT_VERSION = 5.0;
				TARGETED_DEVICE_FAMILY = "1,2";
				TEST_TARGET_NAME = Recordle;
			};
			name = Release;
		};
/* End XCBuildConfiguration section */

/* Begin XCConfigurationList section */
		CBCCA39927C94855007B2643 /* Build configuration list for PBXProject "Recordle" */ = {
			isa = XCConfigurationList;
			buildConfigurations = (
				CBCCA3C027C94857007B2643 /* Debug */,
				CBCCA3C127C94857007B2643 /* Release */,
			);
			defaultConfigurationIsVisible = 0;
			defaultConfigurationName = Release;
		};
		CBCCA3C227C94857007B2643 /* Build configuration list for PBXNativeTarget "Recordle" */ = {
			isa = XCConfigurationList;
			buildConfigurations = (
				CBCCA3C327C94857007B2643 /* Debug */,
				CBCCA3C427C94857007B2643 /* Release */,
			);
			defaultConfigurationIsVisible = 0;
			defaultConfigurationName = Release;
		};
		CBCCA3C527C94857007B2643 /* Build configuration list for PBXNativeTarget "RecordleTests" */ = {
			isa = XCConfigurationList;
			buildConfigurations = (
				CBCCA3C627C94857007B2643 /* Debug */,
				CBCCA3C727C94857007B2643 /* Release */,
			);
			defaultConfigurationIsVisible = 0;
			defaultConfigurationName = Release;
		};
		CBCCA3C827C94857007B2643 /* Build configuration list for PBXNativeTarget "RecordleUITests" */ = {
			isa = XCConfigurationList;
			buildConfigurations = (
				CBCCA3C927C94857007B2643 /* Debug */,
				CBCCA3CA27C94857007B2643 /* Release */,
			);
			defaultConfigurationIsVisible = 0;
			defaultConfigurationName = Release;
		};
/* End XCConfigurationList section */

/* Begin XCVersionGroup section */
		CB349225282AF83A008E6B11 /* WordleVerse.xcdatamodeld */ = {
			isa = XCVersionGroup;
			children = (
				CB349226282AF83A008E6B11 /* Recordle.xcdatamodel */,
			);
			currentVersion = CB349226282AF83A008E6B11 /* Recordle.xcdatamodel */;
			path = WordleVerse.xcdatamodeld;
			sourceTree = "<group>";
			versionGroupType = wrapper.xcdatamodel;
		};
/* End XCVersionGroup section */
	};
	rootObject = CBCCA39627C94855007B2643 /* Project object */;
}
